{
  "version": "3",
  "redirects": {
    "https://deno.land/std/async/mod.ts": "https://deno.land/std@0.204.0/async/mod.ts"
  },
  "remote": {
    "https://deno.land/std@0.168.0/_util/asserts.ts": "d0844e9b62510f89ce1f9878b046f6a57bf88f208a10304aab50efcb48365272",
    "https://deno.land/std@0.168.0/flags/mod.ts": "4f50ec6383c02684db35de38b3ffb2cd5b9fcfcc0b1147055d1980c49e82521c",
    "https://deno.land/std@0.204.0/assert/assert.ts": "9a97dad6d98c238938e7540736b826440ad8c1c1e54430ca4c4e623e585607ee",
    "https://deno.land/std@0.204.0/assert/assertion_error.ts": "4d0bde9b374dfbcbe8ac23f54f567b77024fb67dbb1906a852d67fe050d42f56",
    "https://deno.land/std@0.204.0/async/abortable.ts": "fd682fa46f3b7b16b4606a5ab52a7ce309434b76f820d3221bdfb862719a15d7",
    "https://deno.land/std@0.204.0/async/deadline.ts": "58f72a3cc0fcb731b2cc055ba046f4b5be3349ff6bf98f2e793c3b969354aab2",
    "https://deno.land/std@0.204.0/async/debounce.ts": "adab11d04ca38d699444ac8a9d9856b4155e8dda2afd07ce78276c01ea5a4332",
    "https://deno.land/std@0.204.0/async/deferred.ts": "42790112f36a75a57db4a96d33974a936deb7b04d25c6084a9fa8a49f135def8",
    "https://deno.land/std@0.204.0/async/delay.ts": "a6142eb44cdd856b645086af2b811b1fcce08ec06bb7d50969e6a872ee9b8659",
    "https://deno.land/std@0.204.0/async/mod.ts": "f04344fa21738e5ad6bea37a6bfffd57c617c2d372bb9f9dcfd118a1b622e576",
    "https://deno.land/std@0.204.0/async/mux_async_iterator.ts": "70c7f2ee4e9466161350473ad61cac0b9f115cff4c552eaa7ef9d50c4cbb4cc9",
    "https://deno.land/std@0.204.0/async/pool.ts": "47c1841cfa9c036144943d11747ddd44064f5baf8cb7ece25473ba873c6aceb0",
    "https://deno.land/std@0.204.0/async/retry.ts": "296fb9c323e1325a69bee14ba947e7da7409a8dd9dd646d70cb51ea0d301f24e",
    "https://deno.land/std@0.204.0/async/tee.ts": "47e42d35f622650b02234d43803d0383a89eb4387e1b83b5a40106d18ae36757",
    "https://deno.land/x/input@2.0.3/history.ts": "3cad3fee1e2f86d4202ca6ab49f1a5609aff2323ff762cc637e1da3edbef9608",
    "https://deno.land/x/input@2.0.3/index.ts": "f9539661733886f9497873a640a79be4f996ea2d40408b68e74691353f5a5539",
    "https://deno.land/x/input@2.0.3/printer.ts": "60339de0f3d98ca9ad2cb4e3b047d0b680e27ed7ceb987d82d96fc00f7ab04d1",
    "https://deno.land/x/input@2.0.3/types.ts": "915079a7187073c9c9c99863ab4e4a4c7341e25bf5d4a2e02c33f8b896dd0c69",
    "https://deno.land/x/mimetypes@v1.0.0/mod.ts": "abd1ea614b32cfa7fd50b46f6e070617696664698b8a34935dc807f3035ad408",
    "https://deno.land/x/mimetypes@v1.0.0/src/mime.ts": "7cd7590eae6127dc1abfe710900fc749e94d5c715ffe8a148e59fe20ee21a9a5",
    "https://deno.land/x/reflect_metadata@v0.1.12/Reflect.ts": "eced7b7e642853c6fb9a209f96ddd1932ab1e0fc3c514705c87d56169c8fe260",
    "https://deno.land/x/reflect_metadata@v0.1.12/mod.ts": "8b5e3b20f1e604c118df433e84a409b1d5116e885001047134cc42ecf84fa2cd",
    "https://dev.cdn.unyt.org/unyt_core/compiler/binary_codes.ts": "e04ac5aea360036675c81127146e92d200fca75ae8f8dc53a3d40ca80f5fa31b",
    "https://dev.cdn.unyt.org/unyt_core/compiler/compiler.ts": "4d6c9ba7be8d4a8e0cb23892219a17d26d7699b5a43f2de1a708682ad0670809",
    "https://dev.cdn.unyt.org/unyt_core/compiler/protocol_types.ts": "98114be167ae672773d6176b6014e1710838d6bcb81a3686c1525e95e18fb815",
    "https://dev.cdn.unyt.org/unyt_core/compiler/tokens_regex.ts": "632e87ca07cc0d56cfa8a2a9b77248a296c775f04c6b235060407adbdcc343ee",
    "https://dev.cdn.unyt.org/unyt_core/compiler/unit_codes.ts": "0da02d162eed5583c30130eea7d3f013bc09e1c5e274d1b3c41566cb71ef22a1",
    "https://dev.cdn.unyt.org/unyt_core/datex.ts": "71bb6d0b4d50df4678bc156480f58cf0b65389199ab24d8c4d6aabfb1e2e2b2f",
    "https://dev.cdn.unyt.org/unyt_core/datex_all.ts": "69442aa38cea6176c67d60f95b6082341c5a42ea25b766e6ceb4df7f0a95e355",
    "https://dev.cdn.unyt.org/unyt_core/datex_short.ts": "7de0b30142d916e96f0a478c9140794757dab86b7464a2df15d1f1e3208ea055",
    "https://dev.cdn.unyt.org/unyt_core/functions.ts": "d97aba42ccc599c8e8eb9bc20662895e12c60d88feeb14feb8fd30bace2b8ed3",
    "https://dev.cdn.unyt.org/unyt_core/init.ts": "b2d60aa38bc1d90e9041b1a99fc7d7c05b266118e714a6cb6e660109894d3e8e",
    "https://dev.cdn.unyt.org/unyt_core/js_adapter/js_class_adapter.ts": "3549dbbccc901984b892dfd91678f1b5cbf8ec01139bedad1e5bac8d610b9add",
    "https://dev.cdn.unyt.org/unyt_core/js_adapter/legacy_decorators.ts": "a4e89ef74be48bf593d5788d680e807cd4da7992cdb0a8c80b881dca45f37fec",
    "https://dev.cdn.unyt.org/unyt_core/lib/localforage/drivers/indexeddb.js": "94a6cfe0f3bfbe677bae59127c991405d68c4c54ae4d3dbbdb56072a471ece02",
    "https://dev.cdn.unyt.org/unyt_core/lib/localforage/drivers/localstorage.js": "62f07f7063c3ff385f307b0cf84f8daf10e3896b623e720c39ee5daab68863d1",
    "https://dev.cdn.unyt.org/unyt_core/lib/localforage/drivers/websql.js": "5c69bdff0af1cbc3103feb76964490817e221091dc3ae573c8f9a94a78437609",
    "https://dev.cdn.unyt.org/unyt_core/lib/localforage/localforage.js": "8bde4fb43ce0bfe34b9f7b7362be63a9674628192718af25b7eabfc2ba7da385",
    "https://dev.cdn.unyt.org/unyt_core/lib/localforage/utils/createBlob.js": "14dd379f079966554b93c6982f6a57b6334d39d500d14592a90a25f057ffb1a0",
    "https://dev.cdn.unyt.org/unyt_core/lib/localforage/utils/executeCallback.js": "385bde0bcbeb7bb0916a18f9fa13e087bef6e8c73322c6cea921a7d2a9faaf76",
    "https://dev.cdn.unyt.org/unyt_core/lib/localforage/utils/executeTwoCallbacks.js": "0ab6f19a2645c8af6657c55faba1760de0510706d5f0ad7c433a9a28a8f22b8b",
    "https://dev.cdn.unyt.org/unyt_core/lib/localforage/utils/getCallback.js": "7c6d36433132aa416fce88915f004fa4a5520a70bb6c3cc775b1da9373bba25b",
    "https://dev.cdn.unyt.org/unyt_core/lib/localforage/utils/idb.js": "1e7f31e75cab1bd86f475db87faa3b469b07b24503d60840a4902b7b4c38f768",
    "https://dev.cdn.unyt.org/unyt_core/lib/localforage/utils/includes.js": "6a2598464f6b0ada6d9442b86c6339aa307a155b9be15eaea38c5d343da8c5ce",
    "https://dev.cdn.unyt.org/unyt_core/lib/localforage/utils/isArray.js": "33b7af80a36b73e20fb8464e91d4a398477d4ea47a7f8f077dafd99e53d647fb",
    "https://dev.cdn.unyt.org/unyt_core/lib/localforage/utils/isIndexedDBValid.js": "758336bc6f5630f74b2c902de4f56f0bed015d71369e0d67bd4fbf480607cd57",
    "https://dev.cdn.unyt.org/unyt_core/lib/localforage/utils/isLocalStorageValid.js": "64e1fa95986ff2dc2aa66b6f064ac72bc06cc56fa28d3c3dd0ea18cc5aa0df7c",
    "https://dev.cdn.unyt.org/unyt_core/lib/localforage/utils/isWebSQLValid.js": "a2cb2bc344ad4fc3d9bd66e59b03765d15e5695896be5ef43ddf7c00c8005090",
    "https://dev.cdn.unyt.org/unyt_core/lib/localforage/utils/normalizeKey.js": "57ed80a6f574511682e1575ebcb8cfe57652bddb36252642372168312d054082",
    "https://dev.cdn.unyt.org/unyt_core/lib/localforage/utils/promise.js": "553a6e73bfe59e43390c7f88514574d4284eef5e34ce7cdbf93c3d9c6347c559",
    "https://dev.cdn.unyt.org/unyt_core/lib/localforage/utils/serializer.js": "5960c40deb26d81ca4841c9fe829a5305ea09bfd3d9deb6c1d74875934923b03",
    "https://dev.cdn.unyt.org/unyt_core/lib/marked.js": "0a1fa6c8bbe5f691c8d5bed2041fdfb9e22494bd3caca2cbc076cb142c19b014",
    "https://dev.cdn.unyt.org/unyt_core/mod.ts": "d54d0d7772c6e774e73a80e454e89e31574c55aa6076203dada33bdc8c84ef87",
    "https://dev.cdn.unyt.org/unyt_core/network/blockchain_adapter.ts": "4a8d3910d82ac0c7379a682ff025b36579a58aa2c72c4f869352b198acc99e57",
    "https://dev.cdn.unyt.org/unyt_core/network/client.ts": "321cb8c604437c1a0d5efd54e4729fcb05bbac87d07c42e8bae270b44a26db78",
    "https://dev.cdn.unyt.org/unyt_core/network/network_utils.ts": "531615aa700a8d10e0bfaa3c8f79c247f98e69add0005a2898c532ae3d0a57d2",
    "https://dev.cdn.unyt.org/unyt_core/network/supranet.ts": "02125b5831d16d120fe4ac4da1efb3e0bfa9879b7e976b2c8f0c12001f529e5a",
    "https://dev.cdn.unyt.org/unyt_core/network/unyt.ts": "e88cad4ac2edfe1448d8612c7b46a91dc205c9b190b729f48e5cf19b2f089e98",
    "https://dev.cdn.unyt.org/unyt_core/runtime/cache_path.ts": "d3c2268d11ed7948825670831c5095c1dc41f49889ac5b1666f91789142d4152",
    "https://dev.cdn.unyt.org/unyt_core/runtime/cli.ts": "28fe24554b60412b4e93fc47e164273d63d5f951c1fc92fb0b724c2ca8bf4df9",
    "https://dev.cdn.unyt.org/unyt_core/runtime/constants.ts": "53e50418488d5305bf72b53810b6300577eb6a81ccf674df9755bd1ea01cc449",
    "https://dev.cdn.unyt.org/unyt_core/runtime/crypto.ts": "251ccd119eea32a6829570b3364615374699b3f9a697edefc3d95fa239057e11",
    "https://dev.cdn.unyt.org/unyt_core/runtime/debugger.ts": "ad1b12229b5d8749107e12a5b6c157b4d65e675e53c3182dc4c01cee75efe9b7",
    "https://dev.cdn.unyt.org/unyt_core/runtime/display.ts": "702a521c6c810f6fd4b4ea8a3c0040dcc7b9beff9b4665085b7f6218081175a6",
    "https://dev.cdn.unyt.org/unyt_core/runtime/endpoint_config.ts": "ca5ea2d1901f7ab09cb30bef6f4f3eb3c742ac5ecadb65d55e66e1d01315d38b",
    "https://dev.cdn.unyt.org/unyt_core/runtime/io_handler.ts": "fae478283b6475f69e4e9c5c995848c5c1baae2c4e2146d6e92bc0cbb294c856",
    "https://dev.cdn.unyt.org/unyt_core/runtime/js_interface.ts": "8a73bb7d6715a66cc5508fa52cf1e41c05ecffe887a8c66c1f91e9e2cfcae2c7",
    "https://dev.cdn.unyt.org/unyt_core/runtime/performance_measure.ts": "ec6a72315c9e0924abbb9c9667edd1dfc28245d8b2b743332a8f0997f2fc6b4d",
    "https://dev.cdn.unyt.org/unyt_core/runtime/pointers.ts": "b91157d38acb0d8c79b57948c4d344d93d92c962e1d05ea744dc10f60bad2260",
    "https://dev.cdn.unyt.org/unyt_core/runtime/runtime.ts": "aee2c22ab1a45ce808a7d668955c3a1a2f9ec2e0636aabb1f31b895d2fcfd260",
    "https://dev.cdn.unyt.org/unyt_core/runtime/storage-locations/deno-kv.ts": "6765b4909eccac2807725a4a7df3035fa990caa48b384d2ddff9db0581a5363f",
    "https://dev.cdn.unyt.org/unyt_core/runtime/storage-locations/indexed-db.ts": "1fe42f765cc82caf3964c1b59b8a80e9be6ecf3ee82bae0780abe93201ffd032",
    "https://dev.cdn.unyt.org/unyt_core/runtime/storage-locations/local-storage-compat.ts": "b860b41b9840ce49fd29fe7affc791de560a6ca16ee58fef900a3e6dac0292fd",
    "https://dev.cdn.unyt.org/unyt_core/runtime/storage-locations/local-storage.ts": "a10dede8a0a03a4c3eec00004b2ff8b4c9e93fb0e8ca7407dece98c3975b3daf",
    "https://dev.cdn.unyt.org/unyt_core/runtime/storage.ts": "5d4ac0052049ad4a3ce0180b9018c0458bff5a50de3a7408adac619435b262b9",
    "https://dev.cdn.unyt.org/unyt_core/types/abstract_types.ts": "04ad3192b3b0973fdf28f730dd6f16feb63b6d9ea0963e280d035889d8abb0c8",
    "https://dev.cdn.unyt.org/unyt_core/types/addressing.ts": "35e907068406076a7e50a84d91e33a083e591417bb6f09327fe94228f012174a",
    "https://dev.cdn.unyt.org/unyt_core/types/assertion.ts": "30a0586706572de284ceb6ae1677c1ba5a9990cd96b91ae62f139a20d912be74",
    "https://dev.cdn.unyt.org/unyt_core/types/deferred.ts": "7d660af810d2ab773dfeafce0c88af89b76c3d4abf3d2aa14c4313537e3aac27",
    "https://dev.cdn.unyt.org/unyt_core/types/error_codes.ts": "e4c8c23a07a5e71c70a6c2769de73f45547a4086152155b84ac080699bfb02ea",
    "https://dev.cdn.unyt.org/unyt_core/types/errors.ts": "4ce39c0543f5a43d8060a1c1090679e289349238d385e61bb06badbd1c43b547",
    "https://dev.cdn.unyt.org/unyt_core/types/function-utils.ts": "029be3e620981e6db9d433b0df0422f0534682d061bd8f3051febf31464ef144",
    "https://dev.cdn.unyt.org/unyt_core/types/function.ts": "298875f34a607df100f771a81ff5476d0c32fd578ad13dcc9e80b4edc03ba88c",
    "https://dev.cdn.unyt.org/unyt_core/types/iterator.ts": "645a2ce155fa6dbbe3465a12e8c8871dffdc062f7261762ebf85896cfcdd3a73",
    "https://dev.cdn.unyt.org/unyt_core/types/js-function.ts": "ba08aebf5b63905ae5487fddde4dc892540c698fd8e193be071a151f978c5f42",
    "https://dev.cdn.unyt.org/unyt_core/types/logic.ts": "71b3694d8ad0e11c18db174ff9c957b3116cd160b3932f406324225b4ad5132d",
    "https://dev.cdn.unyt.org/unyt_core/types/markdown.ts": "7c762ad0c64eea3495f13371551424d971cc3d98eba09464f07f5ac3c1417fb6",
    "https://dev.cdn.unyt.org/unyt_core/types/native_types.ts": "17bc4e4b070c029b405ed7745f35975d9131213b2cbdc526bb02fda99a3f6fd9",
    "https://dev.cdn.unyt.org/unyt_core/types/object.ts": "9711f523ae51ebf53f992837e921dbe7b572f4150a1379a6ac6d0b240ed978dd",
    "https://dev.cdn.unyt.org/unyt_core/types/quantity.ts": "f2ca8f563964d85a0cd7cd0b7fa060e974da10f697ea4273e6e4f7f3182d8043",
    "https://dev.cdn.unyt.org/unyt_core/types/scope.ts": "8f4b87d64a4dbe7e48c9766f2ea0dec213fbf1032c4af7fedc8dec728a52105a",
    "https://dev.cdn.unyt.org/unyt_core/types/storage_map.ts": "7aebc4149d2e278e44ed3f87e0f4e07d9043e11c462d390b0f8ca39f1fa42162",
    "https://dev.cdn.unyt.org/unyt_core/types/storage_set.ts": "81c968810a43066b62b0e8a942c5dba8e0e0c268d4c9cf62bbb358f394a951dc",
    "https://dev.cdn.unyt.org/unyt_core/types/stream.ts": "c3f324979ebc4bf29c9e071c75364bb109f30782d2267b2702b4e7b8a559fc9b",
    "https://dev.cdn.unyt.org/unyt_core/types/task.ts": "b5073e9682ca9cb93b44646e0fbe7896f96cd369d151a94d2d11728e5d7e2da9",
    "https://dev.cdn.unyt.org/unyt_core/types/time.ts": "4ea90eafedad768e43dc6f8cdc20018fb2264fc19e6bf58bc1aecf35766d6e61",
    "https://dev.cdn.unyt.org/unyt_core/types/tuple.ts": "798c635102d46f4c29903f82fb50cd1f6c0449eb0090654ae08e59e9ae98a80e",
    "https://dev.cdn.unyt.org/unyt_core/types/type.ts": "0735718f229b28b584982c1dc8dc7e730365ee047e5c6c4710528a8932386689",
    "https://dev.cdn.unyt.org/unyt_core/utils/_command_line_options.ts": "1e0fc3897de8f56365aefb57d7bbd327440518e0181ae33f8e0995cbd42fa6c6",
    "https://dev.cdn.unyt.org/unyt_core/utils/ansi_compat.ts": "d220d4387c98d6bb1fb2422b7e40f5bbdcfcf7f198f087460ab27712020baed8",
    "https://dev.cdn.unyt.org/unyt_core/utils/args.ts": "f752ba2a61bcd463f79c032d3245a7f286809063d4b8dbd98e1f95a34bb86345",
    "https://dev.cdn.unyt.org/unyt_core/utils/auto_map.ts": "fe08c3371fe87a0ab876d536a8d8831a02d0216fdee3359c0b0d7d6666b54467",
    "https://dev.cdn.unyt.org/unyt_core/utils/caller_metadata.ts": "57f79bff64cfb24749cdebec41230a416a32e8d0e80c319096e653778e7a5fde",
    "https://dev.cdn.unyt.org/unyt_core/utils/constants.ts": "a7992c1dbb4d28a22c52d02281564f0236508217cc1b7a035ff0e95988fa83cb",
    "https://dev.cdn.unyt.org/unyt_core/utils/eternals.ts": "843bb0e9d4de9b2ce61eaa28e96e9438191facafbc5b097dffded673ab195d4e",
    "https://dev.cdn.unyt.org/unyt_core/utils/global_types.ts": "6f446a16d223fde334f80c01c295277a7828e1170699c6762cac64a6a3d72856",
    "https://dev.cdn.unyt.org/unyt_core/utils/global_values.ts": "993b8381932936a9c90fb2ab3705e0ed2a929dc5db0f3d85988c296c69998f3c",
    "https://dev.cdn.unyt.org/unyt_core/utils/iterable-handler.ts": "b958d9c19f2c123709c6ab95c6185256750372b219651f72885cb17fd7f957f2",
    "https://dev.cdn.unyt.org/unyt_core/utils/local_files.ts": "f81613b5aecc4d4b1fbf6884d3acb7785cb656d72fe9e6cf81dbe3f0c8264993",
    "https://dev.cdn.unyt.org/unyt_core/utils/logger.ts": "dcee1cd28fbe455716b5ab688e18c1264f79e932c8edfddb0a8e0793f22d0165",
    "https://dev.cdn.unyt.org/unyt_core/utils/message_logger.ts": "f8e76e19d98e07cf64d7c955d7e1a59a9f686b14fe37817271d1146eb71b31c4",
    "https://dev.cdn.unyt.org/unyt_core/utils/observers.ts": "df82f2dfbc0189d7f3f6d1f21461ac4a329a6dbbd7ec1bd72d3cd2f5afada9a6",
    "https://dev.cdn.unyt.org/unyt_core/utils/polyfills.ts": "1f47a967c5813e8a465ca985af8a5867884f8aadd8d763d361b548121fbc6ccf",
    "https://dev.cdn.unyt.org/unyt_core/utils/promises.ts": "b43d38724a2fd42d1d0a3cc479bc21f7a75ccee872f680c46f50e99839e17803",
    "https://dev.cdn.unyt.org/unyt_core/utils/utils.ts": "86fe78e869c00d17f88a38dbe1f22a7d0197ac981c77dd635d3950dfc5a41337",
    "https://dev.cdn.unyt.org/unyt_core/wasm/adapter/pkg/datex_wasm.js": "e9416983fb275de1cd28849c3cb85ba3d3be05032e9246c73fe217e7a2d422c5"
  }
}
