{
  "version": "3",
  "redirects": {
    "https://deno.land/std/async/mod.ts": "https://deno.land/std@0.202.0/async/mod.ts",
    "https://deno.land/std/uuid/mod.ts": "https://deno.land/std@0.202.0/uuid/mod.ts"
  },
  "remote": {
    "https://deno.land/std@0.168.0/_util/asserts.ts": "d0844e9b62510f89ce1f9878b046f6a57bf88f208a10304aab50efcb48365272",
    "https://deno.land/std@0.168.0/flags/mod.ts": "4f50ec6383c02684db35de38b3ffb2cd5b9fcfcc0b1147055d1980c49e82521c",
    "https://deno.land/std@0.172.0/_util/asserts.ts": "178dfc49a464aee693a7e285567b3d0b555dc805ff490505a8aae34f9cfb1462",
    "https://deno.land/std@0.172.0/_util/os.ts": "d932f56d41e4f6a6093d56044e29ce637f8dcc43c5a90af43504a889cf1775e3",
    "https://deno.land/std@0.172.0/path/_constants.ts": "e49961f6f4f48039c0dfed3c3f93e963ca3d92791c9d478ac5b43183413136e0",
    "https://deno.land/std@0.172.0/path/_interface.ts": "6471159dfbbc357e03882c2266d21ef9afdb1e4aa771b0545e90db58a0ba314b",
    "https://deno.land/std@0.172.0/path/_util.ts": "86c2375a996c1931b2f2ac71fefd5ddf0cf0e579fa4ab12d3e4c552d4223b8d8",
    "https://deno.land/std@0.172.0/path/common.ts": "ee7505ab01fd22de3963b64e46cff31f40de34f9f8de1fff6a1bd2fe79380000",
    "https://deno.land/std@0.172.0/path/glob.ts": "d479e0a695621c94d3fd7fe7abd4f9499caf32a8de13f25073451c6ef420a4e1",
    "https://deno.land/std@0.172.0/path/mod.ts": "4b83694ac500d7d31b0cdafc927080a53dc0c3027eb2895790fb155082b0d232",
    "https://deno.land/std@0.172.0/path/posix.ts": "0874b341c2c6968ca38d323338b8b295ea1dae10fa872a768d812e2e7d634789",
    "https://deno.land/std@0.172.0/path/separator.ts": "0fb679739d0d1d7bf45b68dacfb4ec7563597a902edbaf3c59b50d5bcadd93b1",
    "https://deno.land/std@0.172.0/path/win32.ts": "672942919dd66ce1b8c224e77d3447e2ad8254eaff13fe6946420a9f78fa141e",
    "https://deno.land/std@0.202.0/assert/assert.ts": "9a97dad6d98c238938e7540736b826440ad8c1c1e54430ca4c4e623e585607ee",
    "https://deno.land/std@0.202.0/assert/assertion_error.ts": "4d0bde9b374dfbcbe8ac23f54f567b77024fb67dbb1906a852d67fe050d42f56",
    "https://deno.land/std@0.202.0/async/abortable.ts": "fd682fa46f3b7b16b4606a5ab52a7ce309434b76f820d3221bdfb862719a15d7",
    "https://deno.land/std@0.202.0/async/deadline.ts": "58f72a3cc0fcb731b2cc055ba046f4b5be3349ff6bf98f2e793c3b969354aab2",
    "https://deno.land/std@0.202.0/async/debounce.ts": "adab11d04ca38d699444ac8a9d9856b4155e8dda2afd07ce78276c01ea5a4332",
    "https://deno.land/std@0.202.0/async/deferred.ts": "42790112f36a75a57db4a96d33974a936deb7b04d25c6084a9fa8a49f135def8",
    "https://deno.land/std@0.202.0/async/delay.ts": "a6142eb44cdd856b645086af2b811b1fcce08ec06bb7d50969e6a872ee9b8659",
    "https://deno.land/std@0.202.0/async/mod.ts": "f04344fa21738e5ad6bea37a6bfffd57c617c2d372bb9f9dcfd118a1b622e576",
    "https://deno.land/std@0.202.0/async/mux_async_iterator.ts": "70c7f2ee4e9466161350473ad61cac0b9f115cff4c552eaa7ef9d50c4cbb4cc9",
    "https://deno.land/std@0.202.0/async/pool.ts": "47c1841cfa9c036144943d11747ddd44064f5baf8cb7ece25473ba873c6aceb0",
    "https://deno.land/std@0.202.0/async/retry.ts": "296fb9c323e1325a69bee14ba947e7da7409a8dd9dd646d70cb51ea0d301f24e",
    "https://deno.land/std@0.202.0/async/tee.ts": "47e42d35f622650b02234d43803d0383a89eb4387e1b83b5a40106d18ae36757",
    "https://deno.land/std@0.202.0/bytes/concat.ts": "d26d6f3d7922e6d663dacfcd357563b7bf4a380ce5b9c2bbe0c8586662f25ce2",
    "https://deno.land/std@0.202.0/crypto/_fnv/fnv32.ts": "e4649dfdefc5c987ed53c3c25db62db771a06d9d1b9c36d2b5cf0853b8e82153",
    "https://deno.land/std@0.202.0/crypto/_fnv/fnv64.ts": "bfa0e4702061fdb490a14e6bf5f9168a22fb022b307c5723499469bfefca555e",
    "https://deno.land/std@0.202.0/crypto/_fnv/mod.ts": "f956a95f58910f223e420340b7404702ecd429603acd4491fa77af84f746040c",
    "https://deno.land/std@0.202.0/crypto/_fnv/util.ts": "accba12bfd80a352e32a872f87df2a195e75561f1b1304a4cb4f5a4648d288f9",
    "https://deno.land/std@0.202.0/crypto/_wasm/lib/deno_std_wasm_crypto.generated.mjs": "85b50eee2e511584698c04f1d84155e57452ea963106fee64987c326e9e5d25d",
    "https://deno.land/std@0.202.0/crypto/_wasm/mod.ts": "973058e70052c98292b567d1c8396dffc28d6dfc6a44f0763032f6fbdf5222f5",
    "https://deno.land/std@0.202.0/crypto/crypto.ts": "c1fac13f11e5150e7690a4d6f09bc09b39d0a13fc5cf129f13617656fea7379e",
    "https://deno.land/std@0.202.0/crypto/timing_safe_equal.ts": "f6edc08d702f660b1ab3505b74d53a9d499e34a1351f6ab70f5ce8653fee8fb7",
    "https://deno.land/std@0.202.0/uuid/_common.ts": "cb1441f4df460571fc0919e1c5c217f3e7006189b703caf946604b3f791ae34d",
    "https://deno.land/std@0.202.0/uuid/constants.ts": "0d0e95561343da44adb4a4edbc1f04cef48b0d75288c4d1704f58743f4a50d88",
    "https://deno.land/std@0.202.0/uuid/mod.ts": "5c7ca252dddba1ddf0bca2dc1124328245272650c98251d71996bb9cd8f5a386",
    "https://deno.land/std@0.202.0/uuid/v1.ts": "fe36009afce7ced96e1b5928565e12c5a8eb0df1a2b5063c0a72bda6b75c0de5",
    "https://deno.land/std@0.202.0/uuid/v3.ts": "49bd2a5cd19f043c88777a8daeaa453f96cc586129af78863aa34dadf27d5fd0",
    "https://deno.land/std@0.202.0/uuid/v4.ts": "0f081880c156fd59b9e44e2f84ea0f94a3627e89c224eaf6cc982b53d849f37e",
    "https://deno.land/std@0.202.0/uuid/v5.ts": "a102f716fc8d31b7e7e4376b1e7d6a255c39858bda6e5f672a4bb3cbd67405d0",
    "https://deno.land/x/dir@1.5.1/home_dir/mod.ts": "53777e4fb2586ae02ce94adf2c99f2edb2dcf6e72d07ac289b71593cfacbdbbf",
    "https://deno.land/x/exec@0.0.5/mod.ts": "2a71f7e23e25be883275b22d872bbd2c3dfa3058934f1f156c8663fb81f5894f",
    "https://deno.land/x/input@2.0.3/history.ts": "3cad3fee1e2f86d4202ca6ab49f1a5609aff2323ff762cc637e1da3edbef9608",
    "https://deno.land/x/input@2.0.3/index.ts": "f9539661733886f9497873a640a79be4f996ea2d40408b68e74691353f5a5539",
    "https://deno.land/x/input@2.0.3/printer.ts": "60339de0f3d98ca9ad2cb4e3b047d0b680e27ed7ceb987d82d96fc00f7ab04d1",
    "https://deno.land/x/input@2.0.3/types.ts": "915079a7187073c9c9c99863ab4e4a4c7341e25bf5d4a2e02c33f8b896dd0c69",
    "https://deno.land/x/json2yaml@v1.0.1/mod.ts": "eb93f79ca9791ecb75b22def2fbce701c757b43be6e2ff8f3dbbe426b28941f4",
    "https://deno.land/x/mimetypes@v1.0.0/mod.ts": "abd1ea614b32cfa7fd50b46f6e070617696664698b8a34935dc807f3035ad408",
    "https://deno.land/x/mimetypes@v1.0.0/src/mime.ts": "7cd7590eae6127dc1abfe710900fc749e94d5c715ffe8a148e59fe20ee21a9a5",
    "https://dev.cdn.unyt.org/command-line-args/main.ts": "daa4a6fa6185d828ca885a8d20617ca4b121fc987f9f898a64b432a8a0a09658",
    "https://dev.cdn.unyt.org/unyt_core/compiler/binary_codes.ts": "e04ac5aea360036675c81127146e92d200fca75ae8f8dc53a3d40ca80f5fa31b",
    "https://dev.cdn.unyt.org/unyt_core/compiler/compiler.ts": "735c10eb3ab4c56189ca23aa03f82f738f76079f59d66d376a2b57409e3d817d",
    "https://dev.cdn.unyt.org/unyt_core/compiler/protocol_types.ts": "98114be167ae672773d6176b6014e1710838d6bcb81a3686c1525e95e18fb815",
    "https://dev.cdn.unyt.org/unyt_core/compiler/tokens_regex.ts": "632e87ca07cc0d56cfa8a2a9b77248a296c775f04c6b235060407adbdcc343ee",
    "https://dev.cdn.unyt.org/unyt_core/compiler/unit_codes.ts": "0da02d162eed5583c30130eea7d3f013bc09e1c5e274d1b3c41566cb71ef22a1",
    "https://dev.cdn.unyt.org/unyt_core/datex.ts": "e14ca15dcf7a5766d4451c514fa732214177af71be84b06985bb7189dfbd43e1",
    "https://dev.cdn.unyt.org/unyt_core/datex_all.ts": "831953bd7394e3051a8327269eedaadaaa1f2923192e838d85ad8fe321d951b4",
    "https://dev.cdn.unyt.org/unyt_core/datex_short.ts": "ad6f5b3167416161744d97746a72e5449ddb2cf16a8b9934ce54b3dd73604814",
    "https://dev.cdn.unyt.org/unyt_core/js_adapter/js_class_adapter.ts": "e83de2257afe88ff90fab5dfaf864201f8e669ee894a4cbf8de04f0aaf91b3a0",
    "https://dev.cdn.unyt.org/unyt_core/js_adapter/legacy_decorators.ts": "a4e89ef74be48bf593d5788d680e807cd4da7992cdb0a8c80b881dca45f37fec",
    "https://dev.cdn.unyt.org/unyt_core/lib/localforage/drivers/indexeddb.js": "94a6cfe0f3bfbe677bae59127c991405d68c4c54ae4d3dbbdb56072a471ece02",
    "https://dev.cdn.unyt.org/unyt_core/lib/localforage/drivers/localstorage.js": "62f07f7063c3ff385f307b0cf84f8daf10e3896b623e720c39ee5daab68863d1",
    "https://dev.cdn.unyt.org/unyt_core/lib/localforage/drivers/websql.js": "5c69bdff0af1cbc3103feb76964490817e221091dc3ae573c8f9a94a78437609",
    "https://dev.cdn.unyt.org/unyt_core/lib/localforage/localforage.js": "8bde4fb43ce0bfe34b9f7b7362be63a9674628192718af25b7eabfc2ba7da385",
    "https://dev.cdn.unyt.org/unyt_core/lib/localforage/utils/createBlob.js": "14dd379f079966554b93c6982f6a57b6334d39d500d14592a90a25f057ffb1a0",
    "https://dev.cdn.unyt.org/unyt_core/lib/localforage/utils/executeCallback.js": "385bde0bcbeb7bb0916a18f9fa13e087bef6e8c73322c6cea921a7d2a9faaf76",
    "https://dev.cdn.unyt.org/unyt_core/lib/localforage/utils/executeTwoCallbacks.js": "0ab6f19a2645c8af6657c55faba1760de0510706d5f0ad7c433a9a28a8f22b8b",
    "https://dev.cdn.unyt.org/unyt_core/lib/localforage/utils/getCallback.js": "7c6d36433132aa416fce88915f004fa4a5520a70bb6c3cc775b1da9373bba25b",
    "https://dev.cdn.unyt.org/unyt_core/lib/localforage/utils/idb.js": "1e7f31e75cab1bd86f475db87faa3b469b07b24503d60840a4902b7b4c38f768",
    "https://dev.cdn.unyt.org/unyt_core/lib/localforage/utils/includes.js": "6a2598464f6b0ada6d9442b86c6339aa307a155b9be15eaea38c5d343da8c5ce",
    "https://dev.cdn.unyt.org/unyt_core/lib/localforage/utils/isArray.js": "33b7af80a36b73e20fb8464e91d4a398477d4ea47a7f8f077dafd99e53d647fb",
    "https://dev.cdn.unyt.org/unyt_core/lib/localforage/utils/isIndexedDBValid.js": "758336bc6f5630f74b2c902de4f56f0bed015d71369e0d67bd4fbf480607cd57",
    "https://dev.cdn.unyt.org/unyt_core/lib/localforage/utils/isLocalStorageValid.js": "64e1fa95986ff2dc2aa66b6f064ac72bc06cc56fa28d3c3dd0ea18cc5aa0df7c",
    "https://dev.cdn.unyt.org/unyt_core/lib/localforage/utils/isWebSQLValid.js": "a2cb2bc344ad4fc3d9bd66e59b03765d15e5695896be5ef43ddf7c00c8005090",
    "https://dev.cdn.unyt.org/unyt_core/lib/localforage/utils/normalizeKey.js": "57ed80a6f574511682e1575ebcb8cfe57652bddb36252642372168312d054082",
    "https://dev.cdn.unyt.org/unyt_core/lib/localforage/utils/promise.js": "553a6e73bfe59e43390c7f88514574d4284eef5e34ce7cdbf93c3d9c6347c559",
    "https://dev.cdn.unyt.org/unyt_core/lib/localforage/utils/serializer.js": "5960c40deb26d81ca4841c9fe829a5305ea09bfd3d9deb6c1d74875934923b03",
    "https://dev.cdn.unyt.org/unyt_core/lib/marked.js": "0a1fa6c8bbe5f691c8d5bed2041fdfb9e22494bd3caca2cbc076cb142c19b014",
    "https://dev.cdn.unyt.org/unyt_core/network/blockchain_adapter.ts": "904e3ac79e8b39cd2db687ff631e2b5d7e35aa65bfca8b91ad960780b356ca79",
    "https://dev.cdn.unyt.org/unyt_core/network/client.ts": "f09c11e89098e19731cf0e3136c629a7a3d55b0696f1aa808c98bce335770d4c",
    "https://dev.cdn.unyt.org/unyt_core/network/network_utils.ts": "531615aa700a8d10e0bfaa3c8f79c247f98e69add0005a2898c532ae3d0a57d2",
    "https://dev.cdn.unyt.org/unyt_core/network/supranet.ts": "6f21429850540356010f8ae76b8ae7ec6adbe79d059f06d8bc44bba1f6497755",
    "https://dev.cdn.unyt.org/unyt_core/network/unyt.ts": "1dc7caadfe73013b53fbb526ee7579f831fece4c747e3fac0a5244596e5644eb",
    "https://dev.cdn.unyt.org/unyt_core/no_init.ts": "b3243e5be0447dff0fcf1f8c903d4c2ecfd0a80c1ff90986ab7756c765259b41",
    "https://dev.cdn.unyt.org/unyt_core/runtime/cache_path.ts": "3c072e95e60ad672bbcc853c44363610def819d3961dbce04037164658f296dd",
    "https://dev.cdn.unyt.org/unyt_core/runtime/cli.ts": "28fe24554b60412b4e93fc47e164273d63d5f951c1fc92fb0b724c2ca8bf4df9",
    "https://dev.cdn.unyt.org/unyt_core/runtime/constants.ts": "721c631f278edd1be73e725031ec680982e8172b7ee247e531dbdbe9d2b71ee7",
    "https://dev.cdn.unyt.org/unyt_core/runtime/crypto.ts": "07f45d66ad43694756a5f20cdd0abc7d5cadbb028509015a7537e8abb46d4217",
    "https://dev.cdn.unyt.org/unyt_core/runtime/debugger.ts": "ad1b12229b5d8749107e12a5b6c157b4d65e675e53c3182dc4c01cee75efe9b7",
    "https://dev.cdn.unyt.org/unyt_core/runtime/display.ts": "8b59b5a13907f5679e732adf82508a50814d47c24e640e7f28c3b0c0bedb5b30",
    "https://dev.cdn.unyt.org/unyt_core/runtime/endpoint_config.ts": "49a16f7c49368a02ad878796698b2d3019d59e428b66b5d6d004dc5fe19adb77",
    "https://dev.cdn.unyt.org/unyt_core/runtime/io_handler.ts": "50ccca5e1eec603f5d4e4158cad39696d99ab3375a4fad188844e9f408341ee2",
    "https://dev.cdn.unyt.org/unyt_core/runtime/js_interface.ts": "bc7c841f59972bcba7e2f21a73c63ee9ec9e3e8d08c6e9a1caf5a45645a1794b",
    "https://dev.cdn.unyt.org/unyt_core/runtime/performance_measure.ts": "ec6a72315c9e0924abbb9c9667edd1dfc28245d8b2b743332a8f0997f2fc6b4d",
    "https://dev.cdn.unyt.org/unyt_core/runtime/pointers.ts": "2c8e977ada608892de7d7e3af0b446cd2a25b2a0597a6b42fcd72c1fdbc06a04",
    "https://dev.cdn.unyt.org/unyt_core/runtime/runtime.ts": "0fc2ee800a8f6aeea970439fb84b777ed11c9b9482de8c63aba8d5e77251c374",
    "https://dev.cdn.unyt.org/unyt_core/runtime/storage-locations/deno-kv.ts": "3ff599d44f717f564655a9f533f23f10422770db6b12bf11314d15bf727a4ede",
    "https://dev.cdn.unyt.org/unyt_core/runtime/storage-locations/indexed-db.ts": "f7c2410b2cc0f16a4c306c7777127d7a7311a5a311e893d6dc7092158f0d6f82",
    "https://dev.cdn.unyt.org/unyt_core/runtime/storage-locations/local-storage-compat.ts": "e57bc12fa05e61ce6af0e61dc3a3d3c7f8714264fa592af765b315c3f0592a76",
    "https://dev.cdn.unyt.org/unyt_core/runtime/storage-locations/local-storage.ts": "a10dede8a0a03a4c3eec00004b2ff8b4c9e93fb0e8ca7407dece98c3975b3daf",
    "https://dev.cdn.unyt.org/unyt_core/runtime/storage.ts": "06cf853dfd46d9f52c970eca5dc724d03835119cf697352a3df8bad04bd86967",
    "https://dev.cdn.unyt.org/unyt_core/types/abstract_types.ts": "04ad3192b3b0973fdf28f730dd6f16feb63b6d9ea0963e280d035889d8abb0c8",
    "https://dev.cdn.unyt.org/unyt_core/types/addressing.ts": "29b18f88fd4a93afbc52fe38a348ce2a6e801bad744c0754f1e452452efd16f5",
    "https://dev.cdn.unyt.org/unyt_core/types/assertion.ts": "f1e3d60a2e03d623b4873bee597d7178b161d4a91b9fcadbcbf957c550197f8a",
    "https://dev.cdn.unyt.org/unyt_core/types/deferred.ts": "7d660af810d2ab773dfeafce0c88af89b76c3d4abf3d2aa14c4313537e3aac27",
    "https://dev.cdn.unyt.org/unyt_core/types/error_codes.ts": "e4c8c23a07a5e71c70a6c2769de73f45547a4086152155b84ac080699bfb02ea",
    "https://dev.cdn.unyt.org/unyt_core/types/errors.ts": "4ce39c0543f5a43d8060a1c1090679e289349238d385e61bb06badbd1c43b547",
    "https://dev.cdn.unyt.org/unyt_core/types/function.ts": "5a5b15c0b9fe0b741ac8143f009e2b90a8aa360f7cb97318d641cf1cafd93882",
    "https://dev.cdn.unyt.org/unyt_core/types/iterator.ts": "cb9c82d6053b2531bf37b0bc0c9032c9c668cee687948c93d8225c07bd7fab93",
    "https://dev.cdn.unyt.org/unyt_core/types/js-function.ts": "159614bca5ecfb8c6852239d2a5fbfa2a8d6f8faa4d72706590134db8346ae17",
    "https://dev.cdn.unyt.org/unyt_core/types/logic.ts": "69562cafae630e6740b3f5d177e1c3e543a9f77d98e3111b97f3481c96445c7f",
    "https://dev.cdn.unyt.org/unyt_core/types/markdown.ts": "7c762ad0c64eea3495f13371551424d971cc3d98eba09464f07f5ac3c1417fb6",
    "https://dev.cdn.unyt.org/unyt_core/types/native_types.ts": "17bc4e4b070c029b405ed7745f35975d9131213b2cbdc526bb02fda99a3f6fd9",
    "https://dev.cdn.unyt.org/unyt_core/types/object.ts": "9711f523ae51ebf53f992837e921dbe7b572f4150a1379a6ac6d0b240ed978dd",
    "https://dev.cdn.unyt.org/unyt_core/types/quantity.ts": "f2ca8f563964d85a0cd7cd0b7fa060e974da10f697ea4273e6e4f7f3182d8043",
    "https://dev.cdn.unyt.org/unyt_core/types/scope.ts": "8f4b87d64a4dbe7e48c9766f2ea0dec213fbf1032c4af7fedc8dec728a52105a",
    "https://dev.cdn.unyt.org/unyt_core/types/storage_map.ts": "51e5e0c6816f3939156be186deed601c6732087dd1ec03ff08f26a078c05fe34",
    "https://dev.cdn.unyt.org/unyt_core/types/storage_set.ts": "a5b4b863baefa17b7aa9663bc413fbf4315e64afc6f5dea538e8fdf21702e398",
    "https://dev.cdn.unyt.org/unyt_core/types/stream.ts": "c3f324979ebc4bf29c9e071c75364bb109f30782d2267b2702b4e7b8a559fc9b",
    "https://dev.cdn.unyt.org/unyt_core/types/task.ts": "b5073e9682ca9cb93b44646e0fbe7896f96cd369d151a94d2d11728e5d7e2da9",
    "https://dev.cdn.unyt.org/unyt_core/types/time.ts": "4ea90eafedad768e43dc6f8cdc20018fb2264fc19e6bf58bc1aecf35766d6e61",
    "https://dev.cdn.unyt.org/unyt_core/types/tuple.ts": "798c635102d46f4c29903f82fb50cd1f6c0449eb0090654ae08e59e9ae98a80e",
    "https://dev.cdn.unyt.org/unyt_core/types/type.ts": "1bb4a4c6ebf65146e0f08a07be02e2fe60fd4113542246b9e2f9f4587d1d1458",
    "https://dev.cdn.unyt.org/unyt_core/utils/_command_line_options.ts": "91857c5e081ef9fa2274fab325f4cc553ecf94ce4f81caecce3ff3d2867a6229",
    "https://dev.cdn.unyt.org/unyt_core/utils/ansi_compat.ts": "5eb9e42f1b38a4b0e9143f1349fcb31f2950a979aa154b5b64bc4c97b405bda6",
    "https://dev.cdn.unyt.org/unyt_core/utils/args.ts": "f752ba2a61bcd463f79c032d3245a7f286809063d4b8dbd98e1f95a34bb86345",
    "https://dev.cdn.unyt.org/unyt_core/utils/auto_map.ts": "47344d3f95ae3ba9d7d86632ee23213e32a37f549d41acccb790923e5c5a4681",
    "https://dev.cdn.unyt.org/unyt_core/utils/caller_metadata.ts": "2177ec2068bdbf935de63696e0bd9f0731d55cd757706be6dd10f80ccb34c6f1",
    "https://dev.cdn.unyt.org/unyt_core/utils/global_types.ts": "6f446a16d223fde334f80c01c295277a7828e1170699c6762cac64a6a3d72856",
    "https://dev.cdn.unyt.org/unyt_core/utils/global_values.ts": "98a494b8244cc8f7df54436ef6eaafa2fe480efcd70a68e1593387affe400afc",
    "https://dev.cdn.unyt.org/unyt_core/utils/local_files.ts": "f81613b5aecc4d4b1fbf6884d3acb7785cb656d72fe9e6cf81dbe3f0c8264993",
    "https://dev.cdn.unyt.org/unyt_core/utils/logger.ts": "afad3eba5f450f8a2b41f2dac1fd63041d91c128dbc5b3f5ea8df7f8a32af4b3",
    "https://dev.cdn.unyt.org/unyt_core/utils/message_logger.ts": "f8e76e19d98e07cf64d7c955d7e1a59a9f686b14fe37817271d1146eb71b31c4",
    "https://dev.cdn.unyt.org/unyt_core/utils/observers.ts": "df82f2dfbc0189d7f3f6d1f21461ac4a329a6dbbd7ec1bd72d3cd2f5afada9a6",
    "https://dev.cdn.unyt.org/unyt_core/utils/polyfills.ts": "1f47a967c5813e8a465ca985af8a5867884f8aadd8d763d361b548121fbc6ccf",
    "https://dev.cdn.unyt.org/unyt_core/utils/promises.ts": "b43d38724a2fd42d1d0a3cc479bc21f7a75ccee872f680c46f50e99839e17803",
    "https://dev.cdn.unyt.org/unyt_core/utils/utils.ts": "a6977fe040a4295c0c6006b4e1a0e414cfbb56ffe8f6b1e8b18274fdfbdc89b9",
    "https://dev.cdn.unyt.org/unyt_core/wasm/adapter/pkg/datex_wasm.js": "e9416983fb275de1cd28849c3cb85ba3d3be05032e9246c73fe217e7a2d422c5"
  }
}
