{
  "version": "2",
  "remote": {
    "https://deno.land/std@0.168.0/_util/asserts.ts": "d0844e9b62510f89ce1f9878b046f6a57bf88f208a10304aab50efcb48365272",
    "https://deno.land/std@0.168.0/flags/mod.ts": "4f50ec6383c02684db35de38b3ffb2cd5b9fcfcc0b1147055d1980c49e82521c",
    "https://deno.land/std@0.194.0/_util/asserts.ts": "178dfc49a464aee693a7e285567b3d0b555dc805ff490505a8aae34f9cfb1462",
    "https://deno.land/std@0.194.0/async/abortable.ts": "fd682fa46f3b7b16b4606a5ab52a7ce309434b76f820d3221bdfb862719a15d7",
    "https://deno.land/std@0.194.0/async/deadline.ts": "58f72a3cc0fcb731b2cc055ba046f4b5be3349ff6bf98f2e793c3b969354aab2",
    "https://deno.land/std@0.194.0/async/debounce.ts": "adab11d04ca38d699444ac8a9d9856b4155e8dda2afd07ce78276c01ea5a4332",
    "https://deno.land/std@0.194.0/async/deferred.ts": "42790112f36a75a57db4a96d33974a936deb7b04d25c6084a9fa8a49f135def8",
    "https://deno.land/std@0.194.0/async/delay.ts": "73aa04cec034c84fc748c7be49bb15cac3dd43a57174bfdb7a4aec22c248f0dd",
    "https://deno.land/std@0.194.0/async/mod.ts": "f04344fa21738e5ad6bea37a6bfffd57c617c2d372bb9f9dcfd118a1b622e576",
    "https://deno.land/std@0.194.0/async/mux_async_iterator.ts": "70c7f2ee4e9466161350473ad61cac0b9f115cff4c552eaa7ef9d50c4cbb4cc9",
    "https://deno.land/std@0.194.0/async/pool.ts": "f1b8d3df4d7fd3c73f8cbc91cc2e8b8e950910f1eab94230b443944d7584c657",
    "https://deno.land/std@0.194.0/async/retry.ts": "b1ccf653954a4e52b3d9731e57d18b864e689a7462e78fb20440b11be9905080",
    "https://deno.land/std@0.194.0/async/tee.ts": "47e42d35f622650b02234d43803d0383a89eb4387e1b83b5a40106d18ae36757",
    "https://deno.land/x/input@2.0.3/history.ts": "3cad3fee1e2f86d4202ca6ab49f1a5609aff2323ff762cc637e1da3edbef9608",
    "https://deno.land/x/input@2.0.3/index.ts": "f9539661733886f9497873a640a79be4f996ea2d40408b68e74691353f5a5539",
    "https://deno.land/x/input@2.0.3/printer.ts": "60339de0f3d98ca9ad2cb4e3b047d0b680e27ed7ceb987d82d96fc00f7ab04d1",
    "https://deno.land/x/input@2.0.3/types.ts": "915079a7187073c9c9c99863ab4e4a4c7341e25bf5d4a2e02c33f8b896dd0c69",
    "https://deno.land/x/mimetypes@v1.0.0/mod.ts": "abd1ea614b32cfa7fd50b46f6e070617696664698b8a34935dc807f3035ad408",
    "https://deno.land/x/mimetypes@v1.0.0/src/mime.ts": "7cd7590eae6127dc1abfe710900fc749e94d5c715ffe8a148e59fe20ee21a9a5",
    "https://dev.cdn.unyt.org/unyt_core/compiler/binary_codes.ts": "594620d51dc9a675678a4c0d2e5265ac47f6f67ecaacf7e884d1411a87e8dd35",
    "https://dev.cdn.unyt.org/unyt_core/compiler/compiler.ts": "a9cb919204254bd0161ec61e9697fb658ccbe0fd38b5c0ffc353a08d7580da98",
    "https://dev.cdn.unyt.org/unyt_core/compiler/protocol_types.ts": "98114be167ae672773d6176b6014e1710838d6bcb81a3686c1525e95e18fb815",
    "https://dev.cdn.unyt.org/unyt_core/compiler/tokens_regex.ts": "632e87ca07cc0d56cfa8a2a9b77248a296c775f04c6b235060407adbdcc343ee",
    "https://dev.cdn.unyt.org/unyt_core/compiler/unit_codes.ts": "0da02d162eed5583c30130eea7d3f013bc09e1c5e274d1b3c41566cb71ef22a1",
    "https://dev.cdn.unyt.org/unyt_core/datex.ts": "e14ca15dcf7a5766d4451c514fa732214177af71be84b06985bb7189dfbd43e1",
    "https://dev.cdn.unyt.org/unyt_core/datex_all.ts": "831953bd7394e3051a8327269eedaadaaa1f2923192e838d85ad8fe321d951b4",
    "https://dev.cdn.unyt.org/unyt_core/datex_short.ts": "1316fafcc291e5dde480b17af09ed1935c4dab986426020fd5ed0094cfb13dc5",
    "https://dev.cdn.unyt.org/unyt_core/js_adapter/js_class_adapter.ts": "19cc2e7212d14992be774c6c7a20d1d6d32029d0e5fc70257fe1ca895de85168",
    "https://dev.cdn.unyt.org/unyt_core/js_adapter/legacy_decorators.ts": "a4e89ef74be48bf593d5788d680e807cd4da7992cdb0a8c80b881dca45f37fec",
    "https://dev.cdn.unyt.org/unyt_core/lib/localforage/drivers/indexeddb.js": "94a6cfe0f3bfbe677bae59127c991405d68c4c54ae4d3dbbdb56072a471ece02",
    "https://dev.cdn.unyt.org/unyt_core/lib/localforage/drivers/localstorage.js": "62f07f7063c3ff385f307b0cf84f8daf10e3896b623e720c39ee5daab68863d1",
    "https://dev.cdn.unyt.org/unyt_core/lib/localforage/drivers/websql.js": "5c69bdff0af1cbc3103feb76964490817e221091dc3ae573c8f9a94a78437609",
    "https://dev.cdn.unyt.org/unyt_core/lib/localforage/localforage.js": "8bde4fb43ce0bfe34b9f7b7362be63a9674628192718af25b7eabfc2ba7da385",
    "https://dev.cdn.unyt.org/unyt_core/lib/localforage/utils/createBlob.js": "14dd379f079966554b93c6982f6a57b6334d39d500d14592a90a25f057ffb1a0",
    "https://dev.cdn.unyt.org/unyt_core/lib/localforage/utils/executeCallback.js": "385bde0bcbeb7bb0916a18f9fa13e087bef6e8c73322c6cea921a7d2a9faaf76",
    "https://dev.cdn.unyt.org/unyt_core/lib/localforage/utils/executeTwoCallbacks.js": "0ab6f19a2645c8af6657c55faba1760de0510706d5f0ad7c433a9a28a8f22b8b",
    "https://dev.cdn.unyt.org/unyt_core/lib/localforage/utils/getCallback.js": "7c6d36433132aa416fce88915f004fa4a5520a70bb6c3cc775b1da9373bba25b",
    "https://dev.cdn.unyt.org/unyt_core/lib/localforage/utils/idb.js": "1e7f31e75cab1bd86f475db87faa3b469b07b24503d60840a4902b7b4c38f768",
    "https://dev.cdn.unyt.org/unyt_core/lib/localforage/utils/includes.js": "6a2598464f6b0ada6d9442b86c6339aa307a155b9be15eaea38c5d343da8c5ce",
    "https://dev.cdn.unyt.org/unyt_core/lib/localforage/utils/isArray.js": "33b7af80a36b73e20fb8464e91d4a398477d4ea47a7f8f077dafd99e53d647fb",
    "https://dev.cdn.unyt.org/unyt_core/lib/localforage/utils/isIndexedDBValid.js": "758336bc6f5630f74b2c902de4f56f0bed015d71369e0d67bd4fbf480607cd57",
    "https://dev.cdn.unyt.org/unyt_core/lib/localforage/utils/isLocalStorageValid.js": "64e1fa95986ff2dc2aa66b6f064ac72bc06cc56fa28d3c3dd0ea18cc5aa0df7c",
    "https://dev.cdn.unyt.org/unyt_core/lib/localforage/utils/isWebSQLValid.js": "a2cb2bc344ad4fc3d9bd66e59b03765d15e5695896be5ef43ddf7c00c8005090",
    "https://dev.cdn.unyt.org/unyt_core/lib/localforage/utils/normalizeKey.js": "57ed80a6f574511682e1575ebcb8cfe57652bddb36252642372168312d054082",
    "https://dev.cdn.unyt.org/unyt_core/lib/localforage/utils/promise.js": "553a6e73bfe59e43390c7f88514574d4284eef5e34ce7cdbf93c3d9c6347c559",
    "https://dev.cdn.unyt.org/unyt_core/lib/localforage/utils/serializer.js": "5960c40deb26d81ca4841c9fe829a5305ea09bfd3d9deb6c1d74875934923b03",
    "https://dev.cdn.unyt.org/unyt_core/lib/marked.js": "0a1fa6c8bbe5f691c8d5bed2041fdfb9e22494bd3caca2cbc076cb142c19b014",
    "https://dev.cdn.unyt.org/unyt_core/lib/reflect-metadata/Reflect.js": "4a581d003724a81158790c8864804545c84af25b8635406047c0069c8ebd2e01",
    "https://dev.cdn.unyt.org/unyt_core/network/blockchain_adapter.ts": "904e3ac79e8b39cd2db687ff631e2b5d7e35aa65bfca8b91ad960780b356ca79",
    "https://dev.cdn.unyt.org/unyt_core/network/client.ts": "ede1dcec95ea0e4e975f22122eed2f15a3027853e31602abbfe3b0fdaadd7547",
    "https://dev.cdn.unyt.org/unyt_core/network/network_utils.ts": "531615aa700a8d10e0bfaa3c8f79c247f98e69add0005a2898c532ae3d0a57d2",
    "https://dev.cdn.unyt.org/unyt_core/network/supranet.ts": "6f99de74030931b6d402c29bfbc10af77dfaa1fc534f9f47f29c776a51a474c3",
    "https://dev.cdn.unyt.org/unyt_core/network/unyt.ts": "d8ba94fd0868d0be71ea4175432eced170f9ea073aa9d711c570f40f1f93e498",
    "https://dev.cdn.unyt.org/unyt_core/runtime/cache_path.ts": "018f7c0608456c699001c4687be0da5437cbf4716db9b5785c503624d1a7f695",
    "https://dev.cdn.unyt.org/unyt_core/runtime/cli.ts": "1aa1cf585d31fb3c3bb4bfcda5f73ceecf1089b38720f55721d5fe234a0fc7e1",
    "https://dev.cdn.unyt.org/unyt_core/runtime/constants.ts": "721c631f278edd1be73e725031ec680982e8172b7ee247e531dbdbe9d2b71ee7",
    "https://dev.cdn.unyt.org/unyt_core/runtime/crypto.ts": "07f45d66ad43694756a5f20cdd0abc7d5cadbb028509015a7537e8abb46d4217",
    "https://dev.cdn.unyt.org/unyt_core/runtime/debugger.ts": "ad1b12229b5d8749107e12a5b6c157b4d65e675e53c3182dc4c01cee75efe9b7",
    "https://dev.cdn.unyt.org/unyt_core/runtime/display.ts": "8b59b5a13907f5679e732adf82508a50814d47c24e640e7f28c3b0c0bedb5b30",
    "https://dev.cdn.unyt.org/unyt_core/runtime/endpoint_config.ts": "15908f6e747ccb43a9c348a297987b733d32729b753681b4dc4d4c537822bc9f",
    "https://dev.cdn.unyt.org/unyt_core/runtime/io_handler.ts": "4dc30a3f6a005704844ce0fb33f43acc7a6fc72d60e4129eed6c320251107f68",
    "https://dev.cdn.unyt.org/unyt_core/runtime/js_interface.ts": "b7ec2e4056ce9ec13845360846d8a45543ed37500641c0ba10c26136303fd584",
    "https://dev.cdn.unyt.org/unyt_core/runtime/performance_measure.ts": "ec6a72315c9e0924abbb9c9667edd1dfc28245d8b2b743332a8f0997f2fc6b4d",
    "https://dev.cdn.unyt.org/unyt_core/runtime/pointers.ts": "129a9e9e142cbff7859d816b1df14d1c0603d60f7b9d753154ce46813e0f09f9",
    "https://dev.cdn.unyt.org/unyt_core/runtime/runtime.ts": "5f684566497d8928dc80092d69e1ba79667c94a28dade92598c3a9cd87bb652a",
    "https://dev.cdn.unyt.org/unyt_core/runtime/storage-locations/indexed-db.ts": "f7c2410b2cc0f16a4c306c7777127d7a7311a5a311e893d6dc7092158f0d6f82",
    "https://dev.cdn.unyt.org/unyt_core/runtime/storage-locations/local-storage-compat.ts": "af5c7cf1f7290b9dff0a0ab1872f82a73f5579e0be431baf79ca87ff5493ff59",
    "https://dev.cdn.unyt.org/unyt_core/runtime/storage-locations/local-storage.ts": "17d1ae1d518f0867d8938d82daf08be29684cf24cc097da1853a9c0c069ba35b",
    "https://dev.cdn.unyt.org/unyt_core/runtime/storage.ts": "95bc2bff3f72377135c9b9bda66f40bf8337c2d9930c1b9eb39683e2012e2402",
    "https://dev.cdn.unyt.org/unyt_core/types/abstract_types.ts": "04ad3192b3b0973fdf28f730dd6f16feb63b6d9ea0963e280d035889d8abb0c8",
    "https://dev.cdn.unyt.org/unyt_core/types/addressing.ts": "b79b47ef98713c8320f7a1b3c1ec33340008a1147c35d76edf6a1e7203a24ee6",
    "https://dev.cdn.unyt.org/unyt_core/types/assertion.ts": "f1e3d60a2e03d623b4873bee597d7178b161d4a91b9fcadbcbf957c550197f8a",
    "https://dev.cdn.unyt.org/unyt_core/types/deferred.ts": "7d660af810d2ab773dfeafce0c88af89b76c3d4abf3d2aa14c4313537e3aac27",
    "https://dev.cdn.unyt.org/unyt_core/types/error_codes.ts": "e4c8c23a07a5e71c70a6c2769de73f45547a4086152155b84ac080699bfb02ea",
    "https://dev.cdn.unyt.org/unyt_core/types/errors.ts": "e642e2c4b0f8dd773885fe95f13b913a87e87d144fd2d46479da559936dba7a2",
    "https://dev.cdn.unyt.org/unyt_core/types/function.ts": "cbe2d935ed9431e4c3785bc8a6ccf86429dc4396c9c124d115ca9b79900bb23d",
    "https://dev.cdn.unyt.org/unyt_core/types/iterator.ts": "cb9c82d6053b2531bf37b0bc0c9032c9c668cee687948c93d8225c07bd7fab93",
    "https://dev.cdn.unyt.org/unyt_core/types/logic.ts": "16a1dca2b5703ab26767d79e47f73277adbaa4040fb47cac911fe7d9e4bbf5d8",
    "https://dev.cdn.unyt.org/unyt_core/types/markdown.ts": "7c762ad0c64eea3495f13371551424d971cc3d98eba09464f07f5ac3c1417fb6",
    "https://dev.cdn.unyt.org/unyt_core/types/native_types.ts": "17bc4e4b070c029b405ed7745f35975d9131213b2cbdc526bb02fda99a3f6fd9",
    "https://dev.cdn.unyt.org/unyt_core/types/object.ts": "9711f523ae51ebf53f992837e921dbe7b572f4150a1379a6ac6d0b240ed978dd",
    "https://dev.cdn.unyt.org/unyt_core/types/quantity.ts": "f2ca8f563964d85a0cd7cd0b7fa060e974da10f697ea4273e6e4f7f3182d8043",
    "https://dev.cdn.unyt.org/unyt_core/types/scope.ts": "8f4b87d64a4dbe7e48c9766f2ea0dec213fbf1032c4af7fedc8dec728a52105a",
    "https://dev.cdn.unyt.org/unyt_core/types/storage_map.ts": "51e5e0c6816f3939156be186deed601c6732087dd1ec03ff08f26a078c05fe34",
    "https://dev.cdn.unyt.org/unyt_core/types/storage_set.ts": "a5b4b863baefa17b7aa9663bc413fbf4315e64afc6f5dea538e8fdf21702e398",
    "https://dev.cdn.unyt.org/unyt_core/types/stream.ts": "c3f324979ebc4bf29c9e071c75364bb109f30782d2267b2702b4e7b8a559fc9b",
    "https://dev.cdn.unyt.org/unyt_core/types/task.ts": "b5073e9682ca9cb93b44646e0fbe7896f96cd369d151a94d2d11728e5d7e2da9",
    "https://dev.cdn.unyt.org/unyt_core/types/time.ts": "4ea90eafedad768e43dc6f8cdc20018fb2264fc19e6bf58bc1aecf35766d6e61",
    "https://dev.cdn.unyt.org/unyt_core/types/tuple.ts": "798c635102d46f4c29903f82fb50cd1f6c0449eb0090654ae08e59e9ae98a80e",
    "https://dev.cdn.unyt.org/unyt_core/types/type.ts": "2222b86b5b0ec241665662b3ac50ee167d6891bc4c58b71fb210ab369e81f4de",
    "https://dev.cdn.unyt.org/unyt_core/utils/_command_line_options.ts": "91857c5e081ef9fa2274fab325f4cc553ecf94ce4f81caecce3ff3d2867a6229",
    "https://dev.cdn.unyt.org/unyt_core/utils/ansi_compat.ts": "5eb9e42f1b38a4b0e9143f1349fcb31f2950a979aa154b5b64bc4c97b405bda6",
    "https://dev.cdn.unyt.org/unyt_core/utils/args.ts": "fcfcce76a100d34aef11b9c8adb782bf66fae5ec23d4ac0592b3a414a97e916a",
    "https://dev.cdn.unyt.org/unyt_core/utils/auto_map.ts": "47344d3f95ae3ba9d7d86632ee23213e32a37f549d41acccb790923e5c5a4681",
    "https://dev.cdn.unyt.org/unyt_core/utils/caller_metadata.ts": "2177ec2068bdbf935de63696e0bd9f0731d55cd757706be6dd10f80ccb34c6f1",
    "https://dev.cdn.unyt.org/unyt_core/utils/global_types.ts": "93f4c99c9362e56655d5a446d91dff21a44cbb6451ce8f0934dfeb5c0a2d6423",
    "https://dev.cdn.unyt.org/unyt_core/utils/global_values.ts": "ce69fbf958563b4fd1f72e69bb061eb259b4ccc2024245db23a16d081f48b129",
    "https://dev.cdn.unyt.org/unyt_core/utils/local_files.ts": "f81613b5aecc4d4b1fbf6884d3acb7785cb656d72fe9e6cf81dbe3f0c8264993",
    "https://dev.cdn.unyt.org/unyt_core/utils/logger.ts": "afad3eba5f450f8a2b41f2dac1fd63041d91c128dbc5b3f5ea8df7f8a32af4b3",
    "https://dev.cdn.unyt.org/unyt_core/utils/message_logger.ts": "f8e76e19d98e07cf64d7c955d7e1a59a9f686b14fe37817271d1146eb71b31c4",
    "https://dev.cdn.unyt.org/unyt_core/utils/observers.ts": "df82f2dfbc0189d7f3f6d1f21461ac4a329a6dbbd7ec1bd72d3cd2f5afada9a6",
    "https://dev.cdn.unyt.org/unyt_core/utils/polyfills.ts": "1f47a967c5813e8a465ca985af8a5867884f8aadd8d763d361b548121fbc6ccf",
    "https://dev.cdn.unyt.org/unyt_core/utils/promises.ts": "b43d38724a2fd42d1d0a3cc479bc21f7a75ccee872f680c46f50e99839e17803",
    "https://dev.cdn.unyt.org/unyt_core/utils/utils.ts": "a6977fe040a4295c0c6006b4e1a0e414cfbb56ffe8f6b1e8b18274fdfbdc89b9",
    "https://dev.cdn.unyt.org/unyt_core/wasm/adapter/pkg/datex_wasm.js": "e9416983fb275de1cd28849c3cb85ba3d3be05032e9246c73fe217e7a2d422c5"
  }
}
