{
  "version": "3",
  "redirects": {
    "https://deno.land/std/async/mod.ts": "https://deno.land/std@0.203.0/async/mod.ts",
    "https://deno.land/x/deno_doc/mod.ts": "https://deno.land/x/deno_doc@0.68.0/mod.ts"
  },
  "remote": {
    "http://localhost:4242/app/app-data.ts": "8c4d0f9f47e7cc10775b01e095c764f9c048ece163a6f59454f67785aa354236",
    "http://localhost:4242/app/app.ts": "c0e1640fdd7f0bf4bce1af7d725d8d58eddd874444d6259b6eb8ac140a19d5a3",
    "http://localhost:4242/app/args.ts": "3ec792b18f742549daf7722df87d7801992b4de71a60ffab79e3564a6af5d9f6",
    "http://localhost:4242/app/backend-manager.ts": "c8e677d62d90a5ba052be8e63a5ea3122343fc8ddf9fffa555d5a388c6cd44e4",
    "http://localhost:4242/app/config-files.ts": "05084b7c01479a1fcb5a5aec44b36ed24f4a41f74f099b91d60a69b7c789ee3c",
    "http://localhost:4242/app/dom-context.ts": "31d11b0b5da40a237ee43cf40a43ec93144f3a4eadfa2b8158dbe2d841572b79",
    "http://localhost:4242/app/eternal-module-generator.ts": "8233dd8bf0b1569cdd0027d9c73cb1d35a7ecde5b082c5be37057b0d4198e310",
    "http://localhost:4242/app/frontend-manager.ts": "3d19ca78a5f4e5a5dd358ddbbf8c2c5ac469e882c21352897bd968ec28033c5f",
    "http://localhost:4242/app/http-over-datex.ts": "6f7023129fae8e506b9ce142df7aa34bb46ac1cff657801ebc907d5c63d5ff10",
    "http://localhost:4242/app/options.ts": "d670ea141d58909d93c40405e8ce2a6cfe7aa072e5521cc940f4c4b17b29cc98",
    "http://localhost:4242/app/shared-deno.ts": "e389bf1241c0d97322ec62429b3a61ee7b4973dd4e319b081575063dc128e0f9",
    "http://localhost:4242/app/start-app.ts": "3245af5fec5aef557b9172a68d39e37401fd25c8e254cbc63cee5eb0daba4443",
    "http://localhost:4242/app/start.ts": "124c360fce50a9ab2816afa4d2a0c0cffbc17abe0d335bf2ac1a671192dbf61c",
    "http://localhost:4242/app/utils.ts": "3a30134dfcb85c2c8a67b7874c652bc78fc109210c246aa2479802dbf631fa17",
    "http://localhost:4242/base/decorators.ts": "59134f537d3f30db8c5b8e562f7b9ce992f4e3e2980bd576a264bde48d992396",
    "http://localhost:4242/base/init.ts": "f5fb989f58e8a04d820743e8b753e92bc81b08beeb505d87739be004871a3346",
    "http://localhost:4242/base/open-graph.ts": "a11108b783f9fde1c147740665aaaf6925a2da55a9d3d0b14f7a8c5e72ad54ab",
    "http://localhost:4242/base/theme.ts": "46ddb497fbd98691775bb83d1ecf36cc4be6479d99a7be18a4bdbaace6aa6a04",
    "http://localhost:4242/components/UIXComponent.ts": "11b8de05ab82fe2b1261d7a2c4df6462ab92b529cbed003337203eb84517e6ca",
    "http://localhost:4242/html/anonymous-components.ts": "1e458de7ca02b760f4492f3680df97e8e2a8ace854f292a15da7903fd3adc10a",
    "http://localhost:4242/html/entrypoint-providers.tsx": "7306f09873d4119d6f0fa15e7f9d0832af141ffdc55b8d2c8807bbdba5945aa9",
    "http://localhost:4242/html/entrypoints.ts": "812603a7ef4e28366620e7c3681a1d77580e06660903e62c4f3793a9c6fdba39",
    "http://localhost:4242/html/errors.tsx": "6db8259c8fa8d0e391c033031a28a3f2ea82b12ebc789ecea829279cc0c1dbab",
    "http://localhost:4242/html/html-provider.ts": "c58d428303ab9b849f9db2af2816f2782573d09d28e97bda44103cfea44c7b88",
    "http://localhost:4242/html/http-error.ts": "459bb3831dee4359d9e219b8557a0ae02f3e4329fcffedb46fc57faa5b393964",
    "http://localhost:4242/html/http-status.ts": "3c6218e5bd212487a15ab9c77d4a525367f741b7dd730067199ff481ecf52a6f",
    "http://localhost:4242/html/render-methods.ts": "c7e8720c5aa9de95b751c3e8773ef79edceb002a0a0fd5c33df8e9ba59bc1a16",
    "http://localhost:4242/html/render.ts": "fa897b6b4087c57cf292fe3d5745cd1b526403814727980ee9a85bb330dce3b1",
    "http://localhost:4242/html/template-strings.ts": "53be84016ad0a08509b5e649542e83847408549a2883e0f4c1a67343b7da2ebd",
    "http://localhost:4242/hydration/partial.ts": "a8992046a923c54d517ac1b7a23169c7239a40c99404a684faf43e202c246e1b",
    "http://localhost:4242/jsx-runtime/jsx.ts": "19153331ce99c60dfa890323dba50dc3c517ea3dc1028bc0d05377875221d7be",
    "http://localhost:4242/lib/urlpattern-polyfill/dist/urlpattern.js": "a2584e42c3b3892e58f0175d5a1a9e9018075b07b1eda68555fbd84290afece0",
    "http://localhost:4242/lib/urlpattern-polyfill/index.js": "a2def73224631dbc20797cb103a0be3e51c0b9b8a9eb4621b3d1d6267c6bd5fe",
    "http://localhost:4242/routing/context.ts": "d6a2e9f585ebb496b192527ffa969de66fe38051a7399fe48b846bd9194efba7",
    "http://localhost:4242/routing/rendering.ts": "61978b493ceaf0f48cf21feb28b95bc1e89dc8e0c11868ea98c6fc7ac41ef018",
    "http://localhost:4242/routing/route-filter.ts": "880b176179cea62f17e851322bac78780ed03c35925cdf889e697f39a1955a2d",
    "http://localhost:4242/server/datex_server.ts": "14d4d12fec943d6415c2ba354e26f2c663520315356a7f7a48645dd56f420b88",
    "http://localhost:4242/server/server.ts": "2daf9866b90dd86f1bb1837c1e3237c963435dec7e0517b11c5e1fecc5af1972",
    "http://localhost:4242/server/transpiler.ts": "c286a804b22250e172a32c30be5f56ca0d0d05e9dec5dce0f8d11c4e55fd22b6",
    "http://localhost:4242/server/ts-import-resolver.ts": "4851315719657cbe65820bfb2803f8c02b32cf12aebef4daac3253d08ddb2d2a",
    "http://localhost:4242/session/cookies.ts": "e0db7a6a28a0c07b528ddd31c392e170526391517ae812073ccaf8db161e880d",
    "http://localhost:4242/session/frontend.ts": "a4debb273b788b6b0cd55bd62b04a9d983248aecf749be4e47f92e4071289d92",
    "http://localhost:4242/session/shared-data.ts": "44158740b650b81c0bc6583b6ff6fd3611befa3984baef91c96ae2cf2273b446",
    "http://localhost:4242/standalone/bound_content_properties.ts": "72ae77117070846af8bbee8815869bf682c77969071673105e19a3b5b871b24f",
    "http://localhost:4242/standalone/scroll_container.ts": "4ccc46a28679865af05f8a56d14ecc81df54a7c6ef8404f3120a208544fed0a0",
    "http://localhost:4242/sw/sw-installer.ts": "7d12ca86311d3d3bec4a85e7bfb10cdc8a41e722dc175eb64f76e298f2a9345f",
    "http://localhost:4242/uix-dom/attributes.ts": "7ed6fbe0edc94efd171da87aec4827a901d66e59449163c85479bedda03c442a",
    "http://localhost:4242/uix-dom/datex-bindings/DOMUtils.ts": "8a6557f7a1b9e27f74ee3086b4e130df5f13e655b4b6f36d5c5664bdf66f9c5d",
    "http://localhost:4242/uix-dom/datex-bindings/mod.ts": "73833154763f81825b1c52768148f9b05b7658b531f46b1a16367caff6c2f74c",
    "http://localhost:4242/uix-dom/datex-bindings/type-definitions.ts": "2a1bbef287a7d98740f2fd1fb9b08f45970e6ffd82b7cbd945f06eec23d23b87",
    "http://localhost:4242/uix-dom/dom/DOMContext.ts": "6159e81a1e1cb805bb3d609101aa2d09233e7d42c51b0e82640b3202b1aabfa0",
    "http://localhost:4242/uix-dom/dom/deno-dom/build/deno-wasm/deno-wasm.js": "98b1ad24a1c13284557917659402202e5c5258ab1431b3f3a82434ad36ffa05a",
    "http://localhost:4242/uix-dom/dom/deno-dom/deno-dom-wasm.ts": "bfd999a493a6974e9fca4d331bee03bfb68cfc600c662cd0b48b21d67a2a8ba0",
    "http://localhost:4242/uix-dom/dom/deno-dom/src/api.ts": "b7d998ca15aa5cbd6af5e0b28ffa0bf5fe0925cea410583b318b4aed5de0fc72",
    "http://localhost:4242/uix-dom/dom/deno-dom/src/constructor-lock.ts": "59714df7e0571ec7bd338903b1f396202771a6d4d7f55a452936bd0de9deb186",
    "http://localhost:4242/uix-dom/dom/deno-dom/src/css/CSSStyleDeclaration.ts": "a7d5e3e98669d9222be1b7bcbc90dfb6d8e4ef8c39f3a1247ad53d7a0377324a",
    "http://localhost:4242/uix-dom/dom/deno-dom/src/css/CSSStylesheet.ts": "75b61ed42ba594891dbe3dcb4527dc694a36ff8daf50858d374ce06e8ef99dde",
    "http://localhost:4242/uix-dom/dom/deno-dom/src/deserialize.ts": "f0afb43e2e0b05a11ef8889a7d4a1aea78189b2abb86756582d2130e7000b2f5",
    "http://localhost:4242/uix-dom/dom/deno-dom/src/dom/custom-element-registry.ts": "bbf564b76377f5358f499f0fa57a25938e3207d8e155e9d0e8b9b04de06014f1",
    "http://localhost:4242/uix-dom/dom/deno-dom/src/dom/document-fragment.ts": "1c7352a3c816587ed7fad574b42636198f680f17abc3836fcfe7799b31e7718f",
    "http://localhost:4242/uix-dom/dom/deno-dom/src/dom/document.ts": "703f8c198e8ecb786697bbc0fa8cfb0b3d8bf403158623d635fd7b96c441ad8d",
    "http://localhost:4242/uix-dom/dom/deno-dom/src/dom/dom-parser.ts": "609097b426f8c2358f3e5d2bca55ed026cf26cdf86562e94130dfdb0f2537f92",
    "http://localhost:4242/uix-dom/dom/deno-dom/src/dom/dom-string-map.ts": "d99829ff547f36d4dd8092cdb29c2f50aaa5f13741d2c9d46b71a4302d119023",
    "http://localhost:4242/uix-dom/dom/deno-dom/src/dom/element.ts": "771fec17d4ebeb67649ab9ab2e929599b62bae4f4df4b60c5df73a6f9b78825b",
    "http://localhost:4242/uix-dom/dom/deno-dom/src/dom/elements/html-element.ts": "86cc398219e4ef23dae1bf0811e6e8cbbd046d11cfb720875c0c0074f0724644",
    "http://localhost:4242/uix-dom/dom/deno-dom/src/dom/elements/math-ml-element.ts": "6d8706594c1442081d017ecd6610761ad15879c4a95301242a507246d82c4f4e",
    "http://localhost:4242/uix-dom/dom/deno-dom/src/dom/elements/shadow-root.ts": "a467846c7cf84d48f2103a96bf5109fc31b7e25bbb324283e2d90288451e67bc",
    "http://localhost:4242/uix-dom/dom/deno-dom/src/dom/elements/svg-element.ts": "ef7d873341d1f35b0a4506f503a0f227b158586f5a270e815f3d1102533c68b0",
    "http://localhost:4242/uix-dom/dom/deno-dom/src/dom/html-collection.ts": "ae90197f5270c32074926ad6cf30ee07d274d44596c7e413c354880cebce8565",
    "http://localhost:4242/uix-dom/dom/deno-dom/src/dom/html-elements/html-button-element.ts": "a6b2254f76343d8598709c98599541aca29d04b7c28ed3e4064172be02aece3d",
    "http://localhost:4242/uix-dom/dom/deno-dom/src/dom/html-elements/html-div-element.ts": "1d2f665c56408d1fd67c938f35b837e861225b8586f803a212bd9ce4c6e6c6ef",
    "http://localhost:4242/uix-dom/dom/deno-dom/src/dom/html-elements/html-form-element.ts": "a6ddcb92482801b888d7a511f49d77d3a1d9f4c81ca20ad38757487822a2fa5b",
    "http://localhost:4242/uix-dom/dom/deno-dom/src/dom/html-elements/html-heading-element.ts": "950adddf1dc9dc89b218b16b220eb7b7e7a148491029457fffa7283362b8f65e",
    "http://localhost:4242/uix-dom/dom/deno-dom/src/dom/html-elements/html-image-element.ts": "716a95d3681d5bad413dab2aeb64360ebcb8a6a9aa80362ba5ab1e08cbebbfe7",
    "http://localhost:4242/uix-dom/dom/deno-dom/src/dom/html-elements/html-input-element.ts": "79ee5cd3dc0f79e8fb1496169a593c702bd9d4e2a930b30452fe091b7cafd7e6",
    "http://localhost:4242/uix-dom/dom/deno-dom/src/dom/html-elements/html-template-element.ts": "2b043fe1dbfc3952b73603911fe4d957446d3979f9610c81c77cef52efe561b2",
    "http://localhost:4242/uix-dom/dom/deno-dom/src/dom/html-elements/html-video-element.ts": "a1e1f1d675999e412d91d725285f906798af5ad1e2c67fc655787c892f99a700",
    "http://localhost:4242/uix-dom/dom/deno-dom/src/dom/mutation-observer.ts": "f8d77479fe88b6cd9c8bcb11ed4fb6ed672fa8368829c18c508ecf9bc9987273",
    "http://localhost:4242/uix-dom/dom/deno-dom/src/dom/node-list.ts": "4c6e4b4585301d4147addaccd90cb5f5a80e8d6290a1ba7058c5e3dfea16e15d",
    "http://localhost:4242/uix-dom/dom/deno-dom/src/dom/node.ts": "0552aa9854ad4dc503e5a242ee4cce542772e4e7eb8021738c185f6ab8d0875d",
    "http://localhost:4242/uix-dom/dom/deno-dom/src/dom/selectors/custom-api.ts": "852696bd58e534bc41bd3be9e2250b60b67cd95fd28ed16b1deff1d548531a71",
    "http://localhost:4242/uix-dom/dom/deno-dom/src/dom/selectors/nwsapi-types.ts": "c43b36c36acc5d32caabaa54fda8c9d239b2b0fcbce9a28efb93c84aa1021698",
    "http://localhost:4242/uix-dom/dom/deno-dom/src/dom/selectors/nwsapi.js": "985d7d8fc1eabbb88946b47a1c44c1b2d4aa79ff23c21424219f1528fa27a2ff",
    "http://localhost:4242/uix-dom/dom/deno-dom/src/dom/selectors/selectors.ts": "83eab57be2290fb48e3130533448c93c6c61239f2a2f3b85f1917f80ca0fdc75",
    "http://localhost:4242/uix-dom/dom/deno-dom/src/dom/selectors/sizzle-types.ts": "78149e2502409989ce861ed636b813b059e16bc267bb543e7c2b26ef43e4798b",
    "http://localhost:4242/uix-dom/dom/deno-dom/src/dom/selectors/sizzle.js": "c3aed60c1045a106d8e546ac2f85cc82e65f62d9af2f8f515210b9212286682a",
    "http://localhost:4242/uix-dom/dom/deno-dom/src/dom/types/tags.ts": "7f9bbd602d65e39141799ccb18bf31f816c39a014ec464a393e29dabe5e36629",
    "http://localhost:4242/uix-dom/dom/deno-dom/src/dom/utils-types.ts": "96db30e3e4a75b194201bb9fa30988215da7f91b380fca6a5143e51ece2a8436",
    "http://localhost:4242/uix-dom/dom/deno-dom/src/dom/utils.ts": "cd94a149aed53b6451e21c4387fdf90f04edbb523ae195fb8ff7127b31f91890",
    "http://localhost:4242/uix-dom/dom/deno-dom/src/parser.ts": "b65eb7e673fa7ca611de871de109655f0aa9fa35ddc1de73df1a5fc2baafc332",
    "http://localhost:4242/uix-dom/dom/mod.ts": "a7da3a4c8234b769f72ba33c5c1f3a002d03a5ce3f582d5abf43c6c06b15c85b",
    "http://localhost:4242/uix-dom/html-template-strings/html_template_strings.ts": "79ddc8a006a707d20ddb5e170262148f88ed65c9956e5625ce639bd9a2247790",
    "http://localhost:4242/uix-dom/jsx/fragment.ts": "4496e4bca93efc1044743f432e3ef33511b130a4c6a130d9d78d74639fda99ec",
    "http://localhost:4242/uix-dom/jsx/jsx-definitions.ts": "7a976580923e2361727045f47cbdd48dfaefe8a44b1d895693a8ef42c3b323f1",
    "http://localhost:4242/uix-dom/jsx/mod.ts": "8550090899a6e5828a4aa1dc0c91e31326d614f60bf9f6728923179fd4e2ce39",
    "http://localhost:4242/uix-dom/jsx/parser.ts": "9797587ff70ebce32ee6cf75371b0f0db9d4fc3a04ef1c06b81c2afcaf81c51b",
    "http://localhost:4242/uix_short.ts": "8a6b8f3b46bb83da177b18fa2759c61f385eef7ee52318a4aca3105c72aca454",
    "http://localhost:4242/utils/ansi_to_html.ts": "9141129645c1dd64d96f61d3f6542f580ad5ac9cb89657c79d78fbaf9ba40748",
    "http://localhost:4242/utils/constants.ts": "1f7b4117de8f6d35c39e0ef3b3922b4d9e0cb68852aba226ca8fdcf2e87c4766",
    "http://localhost:4242/utils/css-scoping.ts": "e64e04116f58b2994f5beb451448742be1bdf5586be0aa1e5910f64364c3057a",
    "http://localhost:4242/utils/css_style_compat.ts": "80e7b030f8e069265b1321a193b4b45fd42df21293ca4a21bbd252cf663206ac",
    "http://localhost:4242/utils/css_template_strings.ts": "29efa122eb37b0e99b385bc00daa922c4e3a145cfdfe44a91a9032e135700959",
    "http://localhost:4242/utils/datex_over_http.ts": "fd4a5e6f9c2fab8fd6a4a8e10334001563bf1aeffb1db2b08955428cc21f4413",
    "http://localhost:4242/utils/file_utils.ts": "761c8ada10e92e78bcd0648f04b69a01aad24b0964a45351e0d2db4f3f656107",
    "http://localhost:4242/utils/global_values.ts": "b8f26aaca0b7ce2d9b7e546b0b1f45742eea40f164ea8ab62c8b052f740b0174",
    "http://localhost:4242/utils/importmap.ts": "607b2683e8821568e0b1c96eff2d5299cb030b54b9493087031fdca0d2937585",
    "http://localhost:4242/utils/path.ts": "6460cab8986fad62d2cf20b271dbc2f3deb41c27ee607810d36d4ee9c016ea86",
    "http://localhost:4242/utils/serialize-js.ts": "bb5798ca34730c76f3aa8f9e61b9908dd937d851fec85f84b860eec8d18c37fc",
    "http://localhost:4242/utils/utils.ts": "b74f1e763a6dcd09c05485d93b97059350b17f01c7e93c1e3cdc394b099736d4",
    "https://cdn.jsdelivr.net/gh/speed-highlight/core/dist/index.js": "3f06bcb851f0ad78de4ab1886611d1253a57d875c287a93ae92efa80c5e7593b",
    "https://deno.land/std@0.131.0/_util/assert.ts": "e94f2eb37cebd7f199952e242c77654e43333c1ac4c5c700e929ea3aa5489f74",
    "https://deno.land/std@0.131.0/_util/os.ts": "49b92edea1e82ba295ec946de8ffd956ed123e2948d9bd1d3e901b04e4307617",
    "https://deno.land/std@0.131.0/path/_constants.ts": "df1db3ffa6dd6d1252cc9617e5d72165cd2483df90e93833e13580687b6083c3",
    "https://deno.land/std@0.131.0/path/_interface.ts": "ee3b431a336b80cf445441109d089b70d87d5e248f4f90ff906820889ecf8d09",
    "https://deno.land/std@0.131.0/path/_util.ts": "c1e9686d0164e29f7d880b2158971d805b6e0efc3110d0b3e24e4b8af2190d2b",
    "https://deno.land/std@0.131.0/path/common.ts": "bee563630abd2d97f99d83c96c2fa0cca7cee103e8cb4e7699ec4d5db7bd2633",
    "https://deno.land/std@0.131.0/path/glob.ts": "cb5255638de1048973c3e69e420c77dc04f75755524cb3b2e160fe9277d939ee",
    "https://deno.land/std@0.131.0/path/mod.ts": "4275129bb766f0e475ecc5246aa35689eeade419d72a48355203f31802640be7",
    "https://deno.land/std@0.131.0/path/posix.ts": "663e4a6fe30a145f56aa41a22d95114c4c5582d8b57d2d7c9ed27ad2c47636bb",
    "https://deno.land/std@0.131.0/path/separator.ts": "fe1816cb765a8068afb3e8f13ad272351c85cbc739af56dacfc7d93d710fe0f9",
    "https://deno.land/std@0.131.0/path/win32.ts": "e7bdf63e8d9982b4d8a01ef5689425c93310ece950e517476e22af10f41a136e",
    "https://deno.land/std@0.160.0/_util/assert.ts": "e94f2eb37cebd7f199952e242c77654e43333c1ac4c5c700e929ea3aa5489f74",
    "https://deno.land/std@0.160.0/_util/os.ts": "8a33345f74990e627b9dfe2de9b040004b08ea5146c7c9e8fe9a29070d193934",
    "https://deno.land/std@0.160.0/fs/_util.ts": "fdc156f897197f261a1c096dcf8ff9267ed0ff42bd5b31f55053a4763a4bae3b",
    "https://deno.land/std@0.160.0/fs/copy.ts": "73bdf24f4322648d9bc38ef983b818637ba368351d17aa03644209d3ce3eac31",
    "https://deno.land/std@0.160.0/fs/ensure_dir.ts": "76395fc1c989ca8d2de3aedfa8240eb8f5225cde20f926de957995b063135b80",
    "https://deno.land/std@0.160.0/path/_constants.ts": "df1db3ffa6dd6d1252cc9617e5d72165cd2483df90e93833e13580687b6083c3",
    "https://deno.land/std@0.160.0/path/_interface.ts": "ee3b431a336b80cf445441109d089b70d87d5e248f4f90ff906820889ecf8d09",
    "https://deno.land/std@0.160.0/path/_util.ts": "d16be2a16e1204b65f9d0dfc54a9bc472cafe5f4a190b3c8471ec2016ccd1677",
    "https://deno.land/std@0.160.0/path/common.ts": "bee563630abd2d97f99d83c96c2fa0cca7cee103e8cb4e7699ec4d5db7bd2633",
    "https://deno.land/std@0.160.0/path/glob.ts": "cb5255638de1048973c3e69e420c77dc04f75755524cb3b2e160fe9277d939ee",
    "https://deno.land/std@0.160.0/path/mod.ts": "56fec03ad0ebd61b6ab39ddb9b0ddb4c4a5c9f2f4f632e09dd37ec9ebfd722ac",
    "https://deno.land/std@0.160.0/path/posix.ts": "6b63de7097e68c8663c84ccedc0fd977656eb134432d818ecd3a4e122638ac24",
    "https://deno.land/std@0.160.0/path/separator.ts": "fe1816cb765a8068afb3e8f13ad272351c85cbc739af56dacfc7d93d710fe0f9",
    "https://deno.land/std@0.160.0/path/win32.ts": "ee8826dce087d31c5c81cd414714e677eb68febc40308de87a2ce4b40e10fb8d",
    "https://deno.land/std@0.162.0/_util/assert.ts": "e94f2eb37cebd7f199952e242c77654e43333c1ac4c5c700e929ea3aa5489f74",
    "https://deno.land/std@0.162.0/_util/os.ts": "8a33345f74990e627b9dfe2de9b040004b08ea5146c7c9e8fe9a29070d193934",
    "https://deno.land/std@0.162.0/fmt/colors.ts": "9e36a716611dcd2e4865adea9c4bec916b5c60caad4cdcdc630d4974e6bb8bd4",
    "https://deno.land/std@0.162.0/fs/_util.ts": "fdc156f897197f261a1c096dcf8ff9267ed0ff42bd5b31f55053a4763a4bae3b",
    "https://deno.land/std@0.162.0/fs/copy.ts": "73bdf24f4322648d9bc38ef983b818637ba368351d17aa03644209d3ce3eac31",
    "https://deno.land/std@0.162.0/fs/empty_dir.ts": "c15a0aaaf40f8c21cca902aa1e01a789ad0c2fd1b7e2eecf4957053c5dbf707f",
    "https://deno.land/std@0.162.0/fs/ensure_dir.ts": "76395fc1c989ca8d2de3aedfa8240eb8f5225cde20f926de957995b063135b80",
    "https://deno.land/std@0.162.0/fs/ensure_file.ts": "b8e32ea63aa21221d0219760ba3f741f682d7f7d68d0d24a3ec067c338568152",
    "https://deno.land/std@0.162.0/fs/ensure_link.ts": "5cc1c04f18487d7d1edf4c5469705f30b61390ffd24ad7db6df85e7209b32bb2",
    "https://deno.land/std@0.162.0/fs/ensure_symlink.ts": "5273557b8c50be69477aa9cb003b54ff2240a336db52a40851c97abce76b96ab",
    "https://deno.land/std@0.162.0/fs/eol.ts": "65b1e27320c3eec6fb653b27e20056ee3d015d3e91db388cfefa41616ebc7cb3",
    "https://deno.land/std@0.162.0/fs/exists.ts": "6a447912e49eb79cc640adacfbf4b0baf8e17ede6d5bed057062ce33c4fa0d68",
    "https://deno.land/std@0.162.0/fs/expand_glob.ts": "d3f62aefc7718d878904d60d91e8e6dbbf86c696d32b6cbbc333637acf7f8571",
    "https://deno.land/std@0.162.0/fs/mod.ts": "354a6f972ef4e00c4dd1f1339a8828ef0764c1c23d3c0010af3fcc025d8655b0",
    "https://deno.land/std@0.162.0/fs/move.ts": "6d7fa9da60dbc7a32dd7fdbc2ff812b745861213c8e92ba96dace0669b0c378c",
    "https://deno.land/std@0.162.0/fs/walk.ts": "d96d4e5b6a3552e8304f28a0fd0b317b812298298449044f8de4932c869388a5",
    "https://deno.land/std@0.162.0/path/_constants.ts": "df1db3ffa6dd6d1252cc9617e5d72165cd2483df90e93833e13580687b6083c3",
    "https://deno.land/std@0.162.0/path/_interface.ts": "ee3b431a336b80cf445441109d089b70d87d5e248f4f90ff906820889ecf8d09",
    "https://deno.land/std@0.162.0/path/_util.ts": "d16be2a16e1204b65f9d0dfc54a9bc472cafe5f4a190b3c8471ec2016ccd1677",
    "https://deno.land/std@0.162.0/path/common.ts": "bee563630abd2d97f99d83c96c2fa0cca7cee103e8cb4e7699ec4d5db7bd2633",
    "https://deno.land/std@0.162.0/path/glob.ts": "cb5255638de1048973c3e69e420c77dc04f75755524cb3b2e160fe9277d939ee",
    "https://deno.land/std@0.162.0/path/mod.ts": "56fec03ad0ebd61b6ab39ddb9b0ddb4c4a5c9f2f4f632e09dd37ec9ebfd722ac",
    "https://deno.land/std@0.162.0/path/posix.ts": "6b63de7097e68c8663c84ccedc0fd977656eb134432d818ecd3a4e122638ac24",
    "https://deno.land/std@0.162.0/path/separator.ts": "fe1816cb765a8068afb3e8f13ad272351c85cbc739af56dacfc7d93d710fe0f9",
    "https://deno.land/std@0.162.0/path/win32.ts": "ee8826dce087d31c5c81cd414714e677eb68febc40308de87a2ce4b40e10fb8d",
    "https://deno.land/std@0.162.0/testing/_diff.ts": "a23e7fc2b4d8daa3e158fa06856bedf5334ce2a2831e8bf9e509717f455adb2c",
    "https://deno.land/std@0.162.0/testing/_format.ts": "cd11136e1797791045e639e9f0f4640d5b4166148796cad37e6ef75f7d7f3832",
    "https://deno.land/std@0.162.0/testing/asserts.ts": "1e340c589853e82e0807629ba31a43c84ebdcdeca910c4a9705715dfdb0f5ce8",
    "https://deno.land/std@0.164.0/_util/asserts.ts": "d0844e9b62510f89ce1f9878b046f6a57bf88f208a10304aab50efcb48365272",
    "https://deno.land/std@0.164.0/_util/os.ts": "8a33345f74990e627b9dfe2de9b040004b08ea5146c7c9e8fe9a29070d193934",
    "https://deno.land/std@0.164.0/async/abortable.ts": "87aa7230be8360c24ad437212311c9e8d4328854baec27b4c7abb26e85515c06",
    "https://deno.land/std@0.164.0/async/deadline.ts": "48ac998d7564969f3e6ec6b6f9bf0217ebd00239b1b2292feba61272d5dd58d0",
    "https://deno.land/std@0.164.0/async/debounce.ts": "dc8b92d4a4fe7eac32c924f2b8d3e62112530db70cadce27042689d82970b350",
    "https://deno.land/std@0.164.0/async/deferred.ts": "d8fb253ffde2a056e4889ef7e90f3928f28be9f9294b6505773d33f136aab4e6",
    "https://deno.land/std@0.164.0/async/delay.ts": "0419dfc993752849692d1f9647edf13407c7facc3509b099381be99ffbc9d699",
    "https://deno.land/std@0.164.0/async/mod.ts": "dd0a8ed4f3984ffabe2fcca7c9f466b7932d57b1864ffee148a5d5388316db6b",
    "https://deno.land/std@0.164.0/async/mux_async_iterator.ts": "3447b28a2a582224a3d4d3596bccbba6e85040da3b97ed64012f7decce98d093",
    "https://deno.land/std@0.164.0/async/pool.ts": "ef9eb97b388543acbf0ac32647121e4dbe629236899586c4d4311a8770fbb239",
    "https://deno.land/std@0.164.0/async/tee.ts": "9af3a3e7612af75861308b52249e167f5ebc3dcfc8a1a4d45462d96606ee2b70",
    "https://deno.land/std@0.164.0/collections/_utils.ts": "fd759867be7a0047a1fa89ec89f7b58ebe3f2f7f089a8f4e416eb30c5d764868",
    "https://deno.land/std@0.164.0/collections/deep_merge.ts": "a4252c99f82fe4051c6dfbe0c8ba839888c4233ab99c556ba519c5290011c281",
    "https://deno.land/std@0.164.0/crypto/_fnv/fnv32.ts": "aa9bddead8c6345087d3abd4ef35fb9655622afc333fc41fff382b36e64280b5",
    "https://deno.land/std@0.164.0/crypto/_fnv/fnv64.ts": "625d7e7505b6cb2e9801b5fd6ed0a89256bac12b2bbb3e4664b85a88b0ec5bef",
    "https://deno.land/std@0.164.0/crypto/_fnv/index.ts": "a8f6a361b4c6d54e5e89c16098f99b6962a1dd6ad1307dbc97fa1ecac5d7060a",
    "https://deno.land/std@0.164.0/crypto/_fnv/util.ts": "4848313bed7f00f55be3cb080aa0583fc007812ba965b03e4009665bde614ce3",
    "https://deno.land/std@0.164.0/crypto/_util.ts": "4a8cb74e7273d2400aa6da582ec58078cf8d54bc66530592048cbd7cc4152621",
    "https://deno.land/std@0.164.0/crypto/_wasm/lib/deno_std_wasm_crypto.generated.mjs": "71c1ac20f32fdbdc9b31a14917779c7fa392dbc8b050059cbb2c35b400b975b1",
    "https://deno.land/std@0.164.0/crypto/_wasm/mod.ts": "b49ec171049bbbaaed3c5a5a71dfcb3d09f880607c8d9c517638d0443bd0f874",
    "https://deno.land/std@0.164.0/crypto/keystack.ts": "e481eed28007395e554a435e880fee83a5c73b9259ed8a135a75e4b1e4f381f7",
    "https://deno.land/std@0.164.0/crypto/mod.ts": "ee76e7df2e3346a8233861ecb66659da37c7b7fa730b48d765f3fb80fff1819e",
    "https://deno.land/std@0.164.0/crypto/timing_safe_equal.ts": "3784958e40a5fe10429a68b75cc5f8d34356bf0bc2eb93c80c3033e2a6f17821",
    "https://deno.land/std@0.164.0/crypto/util.ts": "93fc9dbaa62421538ad60ee65337cbf1d8a0298fac3c4f70b37e5627e7e129eb",
    "https://deno.land/std@0.164.0/encoding/base64.ts": "c57868ca7fa2fbe919f57f88a623ad34e3d970d675bdc1ff3a9d02bba7409db2",
    "https://deno.land/std@0.164.0/encoding/base64url.ts": "a5f82a9fa703bd85a5eb8e7c1296bc6529e601ebd9642cc2b5eaa6b38fa9e05a",
    "https://deno.land/std@0.164.0/encoding/hex.ts": "4cc5324417cbb4ac9b828453d35aed45b9cc29506fad658f1f138d981ae33795",
    "https://deno.land/std@0.164.0/flags/mod.ts": "3b459daf581e047819b6b799c92b96c81b4eecbd5ea025643d54dc0abc6ac923",
    "https://deno.land/std@0.164.0/fmt/colors.ts": "9e36a716611dcd2e4865adea9c4bec916b5c60caad4cdcdc630d4974e6bb8bd4",
    "https://deno.land/std@0.164.0/http/file_server.ts": "b4c5bad224899fc2489d94237bc1e7654c06994f37246c37ea53a347ae72ea59",
    "https://deno.land/std@0.164.0/http/http_status.ts": "897575a7d6bc2b9123f6a38ecbc0f03d95a532c5d92029315dc9f508e12526b8",
    "https://deno.land/std@0.164.0/http/server.ts": "e99c1bee8a3f6571ee4cdeb2966efad465b8f6fe62bec1bdb59c1f007cc4d155",
    "https://deno.land/std@0.164.0/http/util.ts": "759a2b57b44b722d2033d0dfe077f7e9a257f431db6d0319b78dcfebed0adb1e",
    "https://deno.land/std@0.164.0/media_types/_util.ts": "ce9b4fc4ba1c447dafab619055e20fd88236ca6bdd7834a21f98bd193c3fbfa1",
    "https://deno.land/std@0.164.0/media_types/mod.ts": "74885352135624774b8cd164f3a9d866aac1e0dc3ccb5412e2a2d56ed4b1fc99",
    "https://deno.land/std@0.164.0/media_types/vendor/mime-db.v1.52.0.ts": "724cee25fa40f1a52d3937d6b4fbbfdd7791ff55e1b7ac08d9319d5632c7f5af",
    "https://deno.land/std@0.164.0/path/_constants.ts": "df1db3ffa6dd6d1252cc9617e5d72165cd2483df90e93833e13580687b6083c3",
    "https://deno.land/std@0.164.0/path/_interface.ts": "ee3b431a336b80cf445441109d089b70d87d5e248f4f90ff906820889ecf8d09",
    "https://deno.land/std@0.164.0/path/_util.ts": "d16be2a16e1204b65f9d0dfc54a9bc472cafe5f4a190b3c8471ec2016ccd1677",
    "https://deno.land/std@0.164.0/path/common.ts": "bee563630abd2d97f99d83c96c2fa0cca7cee103e8cb4e7699ec4d5db7bd2633",
    "https://deno.land/std@0.164.0/path/glob.ts": "cb5255638de1048973c3e69e420c77dc04f75755524cb3b2e160fe9277d939ee",
    "https://deno.land/std@0.164.0/path/mod.ts": "56fec03ad0ebd61b6ab39ddb9b0ddb4c4a5c9f2f4f632e09dd37ec9ebfd722ac",
    "https://deno.land/std@0.164.0/path/posix.ts": "6b63de7097e68c8663c84ccedc0fd977656eb134432d818ecd3a4e122638ac24",
    "https://deno.land/std@0.164.0/path/separator.ts": "fe1816cb765a8068afb3e8f13ad272351c85cbc739af56dacfc7d93d710fe0f9",
    "https://deno.land/std@0.164.0/path/win32.ts": "7cebd2bda6657371adc00061a1d23fdd87bcdf64b4843bb148b0b24c11b40f69",
    "https://deno.land/std@0.164.0/version.ts": "103544dec51b2b84f84767614c2f0f7f6bfacbcda316659aaa004ea18fe222ee",
    "https://deno.land/std@0.168.0/_util/asserts.ts": "d0844e9b62510f89ce1f9878b046f6a57bf88f208a10304aab50efcb48365272",
    "https://deno.land/std@0.168.0/flags/mod.ts": "4f50ec6383c02684db35de38b3ffb2cd5b9fcfcc0b1147055d1980c49e82521c",
    "https://deno.land/std@0.172.0/_util/asserts.ts": "178dfc49a464aee693a7e285567b3d0b555dc805ff490505a8aae34f9cfb1462",
    "https://deno.land/std@0.172.0/_util/os.ts": "d932f56d41e4f6a6093d56044e29ce637f8dcc43c5a90af43504a889cf1775e3",
    "https://deno.land/std@0.172.0/path/_constants.ts": "e49961f6f4f48039c0dfed3c3f93e963ca3d92791c9d478ac5b43183413136e0",
    "https://deno.land/std@0.172.0/path/_interface.ts": "6471159dfbbc357e03882c2266d21ef9afdb1e4aa771b0545e90db58a0ba314b",
    "https://deno.land/std@0.172.0/path/_util.ts": "86c2375a996c1931b2f2ac71fefd5ddf0cf0e579fa4ab12d3e4c552d4223b8d8",
    "https://deno.land/std@0.172.0/path/common.ts": "ee7505ab01fd22de3963b64e46cff31f40de34f9f8de1fff6a1bd2fe79380000",
    "https://deno.land/std@0.172.0/path/glob.ts": "d479e0a695621c94d3fd7fe7abd4f9499caf32a8de13f25073451c6ef420a4e1",
    "https://deno.land/std@0.172.0/path/mod.ts": "4b83694ac500d7d31b0cdafc927080a53dc0c3027eb2895790fb155082b0d232",
    "https://deno.land/std@0.172.0/path/posix.ts": "0874b341c2c6968ca38d323338b8b295ea1dae10fa872a768d812e2e7d634789",
    "https://deno.land/std@0.172.0/path/separator.ts": "0fb679739d0d1d7bf45b68dacfb4ec7563597a902edbaf3c59b50d5bcadd93b1",
    "https://deno.land/std@0.172.0/path/win32.ts": "672942919dd66ce1b8c224e77d3447e2ad8254eaff13fe6946420a9f78fa141e",
    "https://deno.land/std@0.177.0/_util/asserts.ts": "178dfc49a464aee693a7e285567b3d0b555dc805ff490505a8aae34f9cfb1462",
    "https://deno.land/std@0.177.0/_util/os.ts": "d932f56d41e4f6a6093d56044e29ce637f8dcc43c5a90af43504a889cf1775e3",
    "https://deno.land/std@0.177.0/datetime/to_imf.ts": "851d072a1c86c7ec34c753e61b1951ceda50c9da805b170a0ecaea3b024dd266",
    "https://deno.land/std@0.177.0/fs/_util.ts": "65381f341af1ff7f40198cee15c20f59951ac26e51ddc651c5293e24f9ce6f32",
    "https://deno.land/std@0.177.0/fs/copy.ts": "14214efd94fc3aa6db1e4af2b4b9578e50f7362b7f3725d5a14ad259a5df26c8",
    "https://deno.land/std@0.177.0/fs/empty_dir.ts": "c3d2da4c7352fab1cf144a1ecfef58090769e8af633678e0f3fabaef98594688",
    "https://deno.land/std@0.177.0/fs/ensure_dir.ts": "724209875497a6b4628dfb256116e5651c4f7816741368d6c44aab2531a1e603",
    "https://deno.land/std@0.177.0/fs/ensure_file.ts": "c38602670bfaf259d86ca824a94e6cb9e5eb73757fefa4ebf43a90dd017d53d9",
    "https://deno.land/std@0.177.0/fs/ensure_link.ts": "c0f5b2f0ec094ed52b9128eccb1ee23362a617457aa0f699b145d4883f5b2fb4",
    "https://deno.land/std@0.177.0/fs/ensure_symlink.ts": "2955cc8332aeca9bdfefd05d8d3976b94e282b0f353392a71684808ed2ffdd41",
    "https://deno.land/std@0.177.0/fs/eol.ts": "f1f2eb348a750c34500741987b21d65607f352cf7205f48f4319d417fff42842",
    "https://deno.land/std@0.177.0/fs/exists.ts": "b8c8a457b71e9d7f29b9d2f87aad8dba2739cbe637e8926d6ba6e92567875f8e",
    "https://deno.land/std@0.177.0/fs/expand_glob.ts": "45d17e89796a24bd6002e4354eda67b4301bb8ba67d2cac8453cdabccf1d9ab0",
    "https://deno.land/std@0.177.0/fs/mod.ts": "bc3d0acd488cc7b42627044caf47d72019846d459279544e1934418955ba4898",
    "https://deno.land/std@0.177.0/fs/move.ts": "4cb47f880e3f0582c55e71c9f8b1e5e8cfaacb5e84f7390781dd563b7298ec19",
    "https://deno.land/std@0.177.0/fs/walk.ts": "ea95ffa6500c1eda6b365be488c056edc7c883a1db41ef46ec3bf057b1c0fe32",
    "https://deno.land/std@0.177.0/http/cookie.ts": "4afa70654aee951b1b5a82b8939566843bf6eea605a961c7abc8e9705afd0a20",
    "https://deno.land/std@0.177.0/path/_constants.ts": "e49961f6f4f48039c0dfed3c3f93e963ca3d92791c9d478ac5b43183413136e0",
    "https://deno.land/std@0.177.0/path/_interface.ts": "6471159dfbbc357e03882c2266d21ef9afdb1e4aa771b0545e90db58a0ba314b",
    "https://deno.land/std@0.177.0/path/_util.ts": "d7abb1e0dea065f427b89156e28cdeb32b045870acdf865833ba808a73b576d0",
    "https://deno.land/std@0.177.0/path/common.ts": "ee7505ab01fd22de3963b64e46cff31f40de34f9f8de1fff6a1bd2fe79380000",
    "https://deno.land/std@0.177.0/path/glob.ts": "d479e0a695621c94d3fd7fe7abd4f9499caf32a8de13f25073451c6ef420a4e1",
    "https://deno.land/std@0.177.0/path/mod.ts": "4b83694ac500d7d31b0cdafc927080a53dc0c3027eb2895790fb155082b0d232",
    "https://deno.land/std@0.177.0/path/posix.ts": "8b7c67ac338714b30c816079303d0285dd24af6b284f7ad63da5b27372a2c94d",
    "https://deno.land/std@0.177.0/path/separator.ts": "0fb679739d0d1d7bf45b68dacfb4ec7563597a902edbaf3c59b50d5bcadd93b1",
    "https://deno.land/std@0.177.0/path/win32.ts": "d186344e5583bcbf8b18af416d13d82b35a317116e6460a5a3953508c3de5bba",
    "https://deno.land/std@0.203.0/assert/assert.ts": "9a97dad6d98c238938e7540736b826440ad8c1c1e54430ca4c4e623e585607ee",
    "https://deno.land/std@0.203.0/assert/assertion_error.ts": "4d0bde9b374dfbcbe8ac23f54f567b77024fb67dbb1906a852d67fe050d42f56",
    "https://deno.land/std@0.203.0/async/abortable.ts": "fd682fa46f3b7b16b4606a5ab52a7ce309434b76f820d3221bdfb862719a15d7",
    "https://deno.land/std@0.203.0/async/deadline.ts": "58f72a3cc0fcb731b2cc055ba046f4b5be3349ff6bf98f2e793c3b969354aab2",
    "https://deno.land/std@0.203.0/async/debounce.ts": "adab11d04ca38d699444ac8a9d9856b4155e8dda2afd07ce78276c01ea5a4332",
    "https://deno.land/std@0.203.0/async/deferred.ts": "42790112f36a75a57db4a96d33974a936deb7b04d25c6084a9fa8a49f135def8",
    "https://deno.land/std@0.203.0/async/delay.ts": "a6142eb44cdd856b645086af2b811b1fcce08ec06bb7d50969e6a872ee9b8659",
    "https://deno.land/std@0.203.0/async/mod.ts": "f04344fa21738e5ad6bea37a6bfffd57c617c2d372bb9f9dcfd118a1b622e576",
    "https://deno.land/std@0.203.0/async/mux_async_iterator.ts": "70c7f2ee4e9466161350473ad61cac0b9f115cff4c552eaa7ef9d50c4cbb4cc9",
    "https://deno.land/std@0.203.0/async/pool.ts": "47c1841cfa9c036144943d11747ddd44064f5baf8cb7ece25473ba873c6aceb0",
    "https://deno.land/std@0.203.0/async/retry.ts": "296fb9c323e1325a69bee14ba947e7da7409a8dd9dd646d70cb51ea0d301f24e",
    "https://deno.land/std@0.203.0/async/tee.ts": "47e42d35f622650b02234d43803d0383a89eb4387e1b83b5a40106d18ae36757",
    "https://deno.land/std@0.203.0/http/cookie.ts": "c6079019fc15c781c302574f40fa2ac71c26b251e8f74eb236ea43e0424edcd7",
    "https://deno.land/x/deno_doc@0.68.0/deno_doc.generated.js": "ce740865fa54227ad1a6233858243086c40ff3e35ead71deb214488cea09c280",
    "https://deno.land/x/deno_doc@0.68.0/mod.ts": "821aebc531d5070b2bace479f29820b8ef610aaca934733e59ddc81697025e5f",
    "https://deno.land/x/deno_graph@0.53.0/loader.ts": "a2e757383908f4a51659fe1b1203386887ebb17756bac930a64856d613d8d57d",
    "https://deno.land/x/denosass@1.0.6/mod.ts": "5e9c142055d658f3acb2b370d0b412c783ed4b27db830f387525fb7f69a7ab3d",
    "https://deno.land/x/denosass@1.0.6/src/deps.ts": "cb5fa11799e3def8b593be3b5939d2755a2c7f1f4987f3af1bc4ad90922d3715",
    "https://deno.land/x/denosass@1.0.6/src/mod.ts": "d2b63172f98238f77831995a5d6c8a06af5252ad8fbe7b9ec40b60eae86f2164",
    "https://deno.land/x/denosass@1.0.6/src/types/module.types.ts": "7a5027482ded1d2967fbe690ef8f928446c5de8811c3333f9b09ae6e8122f9ba",
    "https://deno.land/x/denosass@1.0.6/src/wasm/grass.deno.js": "a72432ce8d6b8f9c31e31c71415fdca03fe36aa22417e414bc81e2e21a8a687b",
    "https://deno.land/x/dir@1.5.1/data_local_dir/mod.ts": "91eb1c4bfadfbeda30171007bac6d85aadacd43224a5ed721bbe56bc64e9eb66",
    "https://deno.land/x/input@2.0.3/history.ts": "3cad3fee1e2f86d4202ca6ab49f1a5609aff2323ff762cc637e1da3edbef9608",
    "https://deno.land/x/input@2.0.3/index.ts": "f9539661733886f9497873a640a79be4f996ea2d40408b68e74691353f5a5539",
    "https://deno.land/x/input@2.0.3/printer.ts": "60339de0f3d98ca9ad2cb4e3b047d0b680e27ed7ceb987d82d96fc00f7ab04d1",
    "https://deno.land/x/input@2.0.3/types.ts": "915079a7187073c9c9c99863ab4e4a4c7341e25bf5d4a2e02c33f8b896dd0c69",
    "https://deno.land/x/mimetypes@v1.0.0/mod.ts": "abd1ea614b32cfa7fd50b46f6e070617696664698b8a34935dc807f3035ad408",
    "https://deno.land/x/mimetypes@v1.0.0/src/mime.ts": "7cd7590eae6127dc1abfe710900fc749e94d5c715ffe8a148e59fe20ee21a9a5",
    "https://deno.land/x/port@1.0.0/mod.ts": "2dc04ce1ccf133ae09205e30b550044c4c6f64a1a7d00ea91c66dbb9f6cc00f5",
    "https://deno.land/x/port@1.0.0/types.ts": "42d6ae4147d5d67408d60209da070ddfa79ec8389c6cab1b8002df0cf6c03af6",
    "https://deno.land/x/reflect_metadata@v0.1.12/Reflect.ts": "eced7b7e642853c6fb9a209f96ddd1932ab1e0fc3c514705c87d56169c8fe260",
    "https://deno.land/x/reflect_metadata@v0.1.12/mod.ts": "8b5e3b20f1e604c118df433e84a409b1d5116e885001047134cc42ecf84fa2cd",
    "https://deno.land/x/ts_transpiler@v0.0.1/js/transpiler.generated.js": "292e979c7cae98704565a49da235afc963645e96bc5cc38079a117b5dab9015c",
    "https://deno.land/x/ts_transpiler@v0.0.1/mod.ts": "736307559fec3e0c69736b8d9e81ff3f870c2d85519aa915d4c2d2a76f2a2112",
    "https://deno.land/x/wasmbuild@0.14.1/cache.ts": "89eea5f3ce6035a1164b3e655c95f21300498920575ade23161421f5b01967f4",
    "https://deno.land/x/wasmbuild@0.14.1/loader.ts": "d98d195a715f823151cbc8baa3f32127337628379a02d9eb2a3c5902dbccfc02",
    "https://dev.cdn.unyt.org/command-line-args/main.ts": "daa4a6fa6185d828ca885a8d20617ca4b121fc987f9f898a64b432a8a0a09658",
    "https://dev.cdn.unyt.org/unyt_core/compiler/binary_codes.ts": "e04ac5aea360036675c81127146e92d200fca75ae8f8dc53a3d40ca80f5fa31b",
    "https://dev.cdn.unyt.org/unyt_core/compiler/compiler.ts": "4d6c9ba7be8d4a8e0cb23892219a17d26d7699b5a43f2de1a708682ad0670809",
    "https://dev.cdn.unyt.org/unyt_core/compiler/protocol_types.ts": "98114be167ae672773d6176b6014e1710838d6bcb81a3686c1525e95e18fb815",
    "https://dev.cdn.unyt.org/unyt_core/compiler/tokens_regex.ts": "632e87ca07cc0d56cfa8a2a9b77248a296c775f04c6b235060407adbdcc343ee",
    "https://dev.cdn.unyt.org/unyt_core/compiler/unit_codes.ts": "0da02d162eed5583c30130eea7d3f013bc09e1c5e274d1b3c41566cb71ef22a1",
    "https://dev.cdn.unyt.org/unyt_core/datex.ts": "e14ca15dcf7a5766d4451c514fa732214177af71be84b06985bb7189dfbd43e1",
    "https://dev.cdn.unyt.org/unyt_core/datex_all.ts": "831953bd7394e3051a8327269eedaadaaa1f2923192e838d85ad8fe321d951b4",
    "https://dev.cdn.unyt.org/unyt_core/datex_short.ts": "14a9539f55ea1566b28f85cee145cb1970465ab2e4cee021f299c38dd41646f2",
    "https://dev.cdn.unyt.org/unyt_core/functions.ts": "b3acffdf6deb5fdfc84bcb1e864e2839eb946aabc19697bb4d43e333e6b3349f",
    "https://dev.cdn.unyt.org/unyt_core/js_adapter/js_class_adapter.ts": "3549dbbccc901984b892dfd91678f1b5cbf8ec01139bedad1e5bac8d610b9add",
    "https://dev.cdn.unyt.org/unyt_core/js_adapter/legacy_decorators.ts": "a4e89ef74be48bf593d5788d680e807cd4da7992cdb0a8c80b881dca45f37fec",
    "https://dev.cdn.unyt.org/unyt_core/lib/localforage/drivers/indexeddb.js": "94a6cfe0f3bfbe677bae59127c991405d68c4c54ae4d3dbbdb56072a471ece02",
    "https://dev.cdn.unyt.org/unyt_core/lib/localforage/drivers/localstorage.js": "62f07f7063c3ff385f307b0cf84f8daf10e3896b623e720c39ee5daab68863d1",
    "https://dev.cdn.unyt.org/unyt_core/lib/localforage/drivers/websql.js": "5c69bdff0af1cbc3103feb76964490817e221091dc3ae573c8f9a94a78437609",
    "https://dev.cdn.unyt.org/unyt_core/lib/localforage/localforage.js": "8bde4fb43ce0bfe34b9f7b7362be63a9674628192718af25b7eabfc2ba7da385",
    "https://dev.cdn.unyt.org/unyt_core/lib/localforage/utils/createBlob.js": "14dd379f079966554b93c6982f6a57b6334d39d500d14592a90a25f057ffb1a0",
    "https://dev.cdn.unyt.org/unyt_core/lib/localforage/utils/executeCallback.js": "385bde0bcbeb7bb0916a18f9fa13e087bef6e8c73322c6cea921a7d2a9faaf76",
    "https://dev.cdn.unyt.org/unyt_core/lib/localforage/utils/executeTwoCallbacks.js": "0ab6f19a2645c8af6657c55faba1760de0510706d5f0ad7c433a9a28a8f22b8b",
    "https://dev.cdn.unyt.org/unyt_core/lib/localforage/utils/getCallback.js": "7c6d36433132aa416fce88915f004fa4a5520a70bb6c3cc775b1da9373bba25b",
    "https://dev.cdn.unyt.org/unyt_core/lib/localforage/utils/idb.js": "1e7f31e75cab1bd86f475db87faa3b469b07b24503d60840a4902b7b4c38f768",
    "https://dev.cdn.unyt.org/unyt_core/lib/localforage/utils/includes.js": "6a2598464f6b0ada6d9442b86c6339aa307a155b9be15eaea38c5d343da8c5ce",
    "https://dev.cdn.unyt.org/unyt_core/lib/localforage/utils/isArray.js": "33b7af80a36b73e20fb8464e91d4a398477d4ea47a7f8f077dafd99e53d647fb",
    "https://dev.cdn.unyt.org/unyt_core/lib/localforage/utils/isIndexedDBValid.js": "758336bc6f5630f74b2c902de4f56f0bed015d71369e0d67bd4fbf480607cd57",
    "https://dev.cdn.unyt.org/unyt_core/lib/localforage/utils/isLocalStorageValid.js": "64e1fa95986ff2dc2aa66b6f064ac72bc06cc56fa28d3c3dd0ea18cc5aa0df7c",
    "https://dev.cdn.unyt.org/unyt_core/lib/localforage/utils/isWebSQLValid.js": "a2cb2bc344ad4fc3d9bd66e59b03765d15e5695896be5ef43ddf7c00c8005090",
    "https://dev.cdn.unyt.org/unyt_core/lib/localforage/utils/normalizeKey.js": "57ed80a6f574511682e1575ebcb8cfe57652bddb36252642372168312d054082",
    "https://dev.cdn.unyt.org/unyt_core/lib/localforage/utils/promise.js": "553a6e73bfe59e43390c7f88514574d4284eef5e34ce7cdbf93c3d9c6347c559",
    "https://dev.cdn.unyt.org/unyt_core/lib/localforage/utils/serializer.js": "5960c40deb26d81ca4841c9fe829a5305ea09bfd3d9deb6c1d74875934923b03",
    "https://dev.cdn.unyt.org/unyt_core/lib/marked.js": "0a1fa6c8bbe5f691c8d5bed2041fdfb9e22494bd3caca2cbc076cb142c19b014",
    "https://dev.cdn.unyt.org/unyt_core/network/blockchain_adapter.ts": "904e3ac79e8b39cd2db687ff631e2b5d7e35aa65bfca8b91ad960780b356ca79",
    "https://dev.cdn.unyt.org/unyt_core/network/client.ts": "1e0387d1631ea66ce0d572c01689277b70ced89f446c734fb719161c59894044",
    "https://dev.cdn.unyt.org/unyt_core/network/crypto-proxy.ts": "ebf54d5f0cd8da57b4366b9ba7c3dd7e9bd92ebc679367c5accda75a155f5cb1",
    "https://dev.cdn.unyt.org/unyt_core/network/network_utils.ts": "531615aa700a8d10e0bfaa3c8f79c247f98e69add0005a2898c532ae3d0a57d2",
    "https://dev.cdn.unyt.org/unyt_core/network/supranet.ts": "d8d5b8cdd8db9176040fbf4bc58f6322784bd33ec4ec09471e7b02a613dffffb",
    "https://dev.cdn.unyt.org/unyt_core/network/unyt.ts": "e88cad4ac2edfe1448d8612c7b46a91dc205c9b190b729f48e5cf19b2f089e98",
    "https://dev.cdn.unyt.org/unyt_core/runtime/cache_path.ts": "d3c2268d11ed7948825670831c5095c1dc41f49889ac5b1666f91789142d4152",
    "https://dev.cdn.unyt.org/unyt_core/runtime/cli.ts": "28fe24554b60412b4e93fc47e164273d63d5f951c1fc92fb0b724c2ca8bf4df9",
    "https://dev.cdn.unyt.org/unyt_core/runtime/constants.ts": "721c631f278edd1be73e725031ec680982e8172b7ee247e531dbdbe9d2b71ee7",
    "https://dev.cdn.unyt.org/unyt_core/runtime/crypto.ts": "4d2445359eb873a2402aefb3bb4574240423016e45c266d73214d6c76d60e644",
    "https://dev.cdn.unyt.org/unyt_core/runtime/debugger.ts": "ad1b12229b5d8749107e12a5b6c157b4d65e675e53c3182dc4c01cee75efe9b7",
    "https://dev.cdn.unyt.org/unyt_core/runtime/display.ts": "702a521c6c810f6fd4b4ea8a3c0040dcc7b9beff9b4665085b7f6218081175a6",
    "https://dev.cdn.unyt.org/unyt_core/runtime/endpoint_config.ts": "ca5ea2d1901f7ab09cb30bef6f4f3eb3c742ac5ecadb65d55e66e1d01315d38b",
    "https://dev.cdn.unyt.org/unyt_core/runtime/io_handler.ts": "2ebec4e44db9d93a5274cd1c073a0ad4f7795c01f7553453e19a55409369c0ad",
    "https://dev.cdn.unyt.org/unyt_core/runtime/js_interface.ts": "bc7c841f59972bcba7e2f21a73c63ee9ec9e3e8d08c6e9a1caf5a45645a1794b",
    "https://dev.cdn.unyt.org/unyt_core/runtime/performance_measure.ts": "ec6a72315c9e0924abbb9c9667edd1dfc28245d8b2b743332a8f0997f2fc6b4d",
    "https://dev.cdn.unyt.org/unyt_core/runtime/pointers.ts": "95decf9dad2d56059e5e6445b91700959f85fd70a60ce910010ebfac2c0e78cc",
    "https://dev.cdn.unyt.org/unyt_core/runtime/runtime.ts": "54329c93987c0ec12a3dcbc6e1a1e9e9b2efe0750a099331b35141dd8f24cb10",
    "https://dev.cdn.unyt.org/unyt_core/runtime/storage-locations/deno-kv.ts": "6765b4909eccac2807725a4a7df3035fa990caa48b384d2ddff9db0581a5363f",
    "https://dev.cdn.unyt.org/unyt_core/runtime/storage-locations/indexed-db.ts": "f7c2410b2cc0f16a4c306c7777127d7a7311a5a311e893d6dc7092158f0d6f82",
    "https://dev.cdn.unyt.org/unyt_core/runtime/storage-locations/local-storage-compat.ts": "b860b41b9840ce49fd29fe7affc791de560a6ca16ee58fef900a3e6dac0292fd",
    "https://dev.cdn.unyt.org/unyt_core/runtime/storage-locations/local-storage.ts": "a10dede8a0a03a4c3eec00004b2ff8b4c9e93fb0e8ca7407dece98c3975b3daf",
    "https://dev.cdn.unyt.org/unyt_core/runtime/storage.ts": "ca09c89b6b5b850bcc3b920da863c01fdab131d4923883c27751053f8b04157c",
    "https://dev.cdn.unyt.org/unyt_core/types/abstract_types.ts": "04ad3192b3b0973fdf28f730dd6f16feb63b6d9ea0963e280d035889d8abb0c8",
    "https://dev.cdn.unyt.org/unyt_core/types/addressing.ts": "29b18f88fd4a93afbc52fe38a348ce2a6e801bad744c0754f1e452452efd16f5",
    "https://dev.cdn.unyt.org/unyt_core/types/assertion.ts": "30a0586706572de284ceb6ae1677c1ba5a9990cd96b91ae62f139a20d912be74",
    "https://dev.cdn.unyt.org/unyt_core/types/deferred.ts": "7d660af810d2ab773dfeafce0c88af89b76c3d4abf3d2aa14c4313537e3aac27",
    "https://dev.cdn.unyt.org/unyt_core/types/error_codes.ts": "e4c8c23a07a5e71c70a6c2769de73f45547a4086152155b84ac080699bfb02ea",
    "https://dev.cdn.unyt.org/unyt_core/types/errors.ts": "4ce39c0543f5a43d8060a1c1090679e289349238d385e61bb06badbd1c43b547",
    "https://dev.cdn.unyt.org/unyt_core/types/function-utils.ts": "ad39303b5c37b5284325b927736b72c4947f426b6202474c19a797eca979b86b",
    "https://dev.cdn.unyt.org/unyt_core/types/function.ts": "f3816640404049eb13e8fb9210bf16e37f01167d818fba543202d4e84685c7e5",
    "https://dev.cdn.unyt.org/unyt_core/types/iterator.ts": "cb9c82d6053b2531bf37b0bc0c9032c9c668cee687948c93d8225c07bd7fab93",
    "https://dev.cdn.unyt.org/unyt_core/types/js-function.ts": "8bf089bbf8fe740dc9f02bc9d40019098246c165e8a5dd03107bcce895b46da9",
    "https://dev.cdn.unyt.org/unyt_core/types/logic.ts": "69562cafae630e6740b3f5d177e1c3e543a9f77d98e3111b97f3481c96445c7f",
    "https://dev.cdn.unyt.org/unyt_core/types/markdown.ts": "7c762ad0c64eea3495f13371551424d971cc3d98eba09464f07f5ac3c1417fb6",
    "https://dev.cdn.unyt.org/unyt_core/types/native_types.ts": "17bc4e4b070c029b405ed7745f35975d9131213b2cbdc526bb02fda99a3f6fd9",
    "https://dev.cdn.unyt.org/unyt_core/types/object.ts": "9711f523ae51ebf53f992837e921dbe7b572f4150a1379a6ac6d0b240ed978dd",
    "https://dev.cdn.unyt.org/unyt_core/types/quantity.ts": "f2ca8f563964d85a0cd7cd0b7fa060e974da10f697ea4273e6e4f7f3182d8043",
    "https://dev.cdn.unyt.org/unyt_core/types/scope.ts": "8f4b87d64a4dbe7e48c9766f2ea0dec213fbf1032c4af7fedc8dec728a52105a",
    "https://dev.cdn.unyt.org/unyt_core/types/storage_map.ts": "51e5e0c6816f3939156be186deed601c6732087dd1ec03ff08f26a078c05fe34",
    "https://dev.cdn.unyt.org/unyt_core/types/storage_set.ts": "a5b4b863baefa17b7aa9663bc413fbf4315e64afc6f5dea538e8fdf21702e398",
    "https://dev.cdn.unyt.org/unyt_core/types/stream.ts": "c3f324979ebc4bf29c9e071c75364bb109f30782d2267b2702b4e7b8a559fc9b",
    "https://dev.cdn.unyt.org/unyt_core/types/task.ts": "b5073e9682ca9cb93b44646e0fbe7896f96cd369d151a94d2d11728e5d7e2da9",
    "https://dev.cdn.unyt.org/unyt_core/types/time.ts": "4ea90eafedad768e43dc6f8cdc20018fb2264fc19e6bf58bc1aecf35766d6e61",
    "https://dev.cdn.unyt.org/unyt_core/types/tuple.ts": "798c635102d46f4c29903f82fb50cd1f6c0449eb0090654ae08e59e9ae98a80e",
    "https://dev.cdn.unyt.org/unyt_core/types/type.ts": "7f7dfa1f0fa74b3137bd0d0194e2f5dbd27e164985eff0e51282baac0e80a04f",
    "https://dev.cdn.unyt.org/unyt_core/utils/_command_line_options.ts": "1e0fc3897de8f56365aefb57d7bbd327440518e0181ae33f8e0995cbd42fa6c6",
    "https://dev.cdn.unyt.org/unyt_core/utils/ansi_compat.ts": "d220d4387c98d6bb1fb2422b7e40f5bbdcfcf7f198f087460ab27712020baed8",
    "https://dev.cdn.unyt.org/unyt_core/utils/args.ts": "f752ba2a61bcd463f79c032d3245a7f286809063d4b8dbd98e1f95a34bb86345",
    "https://dev.cdn.unyt.org/unyt_core/utils/auto_map.ts": "47344d3f95ae3ba9d7d86632ee23213e32a37f549d41acccb790923e5c5a4681",
    "https://dev.cdn.unyt.org/unyt_core/utils/caller_metadata.ts": "57f79bff64cfb24749cdebec41230a416a32e8d0e80c319096e653778e7a5fde",
    "https://dev.cdn.unyt.org/unyt_core/utils/constants.ts": "a7992c1dbb4d28a22c52d02281564f0236508217cc1b7a035ff0e95988fa83cb",
    "https://dev.cdn.unyt.org/unyt_core/utils/global_types.ts": "6f446a16d223fde334f80c01c295277a7828e1170699c6762cac64a6a3d72856",
    "https://dev.cdn.unyt.org/unyt_core/utils/global_values.ts": "993b8381932936a9c90fb2ab3705e0ed2a929dc5db0f3d85988c296c69998f3c",
    "https://dev.cdn.unyt.org/unyt_core/utils/indent.ts": "100a412fcc9625c625f85a672cd95d73dc2e10a23afd999cd1ce61e0e88cfcb0",
    "https://dev.cdn.unyt.org/unyt_core/utils/interface-generator.ts": "c93a37deee0e0fab947f2bc266d91eb4b37cd48576359731dc51b53727a737fa",
    "https://dev.cdn.unyt.org/unyt_core/utils/iterable-handler.ts": "3246a861cc1666c9f37409273c9858ecf7389e114825266c716796732d6aad28",
    "https://dev.cdn.unyt.org/unyt_core/utils/local_files.ts": "f81613b5aecc4d4b1fbf6884d3acb7785cb656d72fe9e6cf81dbe3f0c8264993",
    "https://dev.cdn.unyt.org/unyt_core/utils/logger.ts": "a767c71559d7dc118066c13fed1b889c3ed2cbc6edb35a3cac26d68811992a1d",
    "https://dev.cdn.unyt.org/unyt_core/utils/message_logger.ts": "f8e76e19d98e07cf64d7c955d7e1a59a9f686b14fe37817271d1146eb71b31c4",
    "https://dev.cdn.unyt.org/unyt_core/utils/observers.ts": "df82f2dfbc0189d7f3f6d1f21461ac4a329a6dbbd7ec1bd72d3cd2f5afada9a6",
    "https://dev.cdn.unyt.org/unyt_core/utils/polyfills.ts": "1f47a967c5813e8a465ca985af8a5867884f8aadd8d763d361b548121fbc6ccf",
    "https://dev.cdn.unyt.org/unyt_core/utils/promises.ts": "b43d38724a2fd42d1d0a3cc479bc21f7a75ccee872f680c46f50e99839e17803",
    "https://dev.cdn.unyt.org/unyt_core/utils/utils.ts": "86fe78e869c00d17f88a38dbe1f22a7d0197ac981c77dd635d3950dfc5a41337",
    "https://dev.cdn.unyt.org/unyt_core/wasm/adapter/pkg/datex_wasm.js": "e9416983fb275de1cd28849c3cb85ba3d3be05032e9246c73fe217e7a2d422c5",
    "https://unpkg.com/construct-style-sheets-polyfill@3.1.0/dist/adoptedStyleSheets.js": "bfbc1259349a0a9ca85cc0b5ba7b9d72d7fc7475f85a7cdc064f24b41c8819e0",
    "https://unyt.land/x/wasmbuild@0.14.1/cache.ts": "89eea5f3ce6035a1164b3e655c95f21300498920575ade23161421f5b01967f4",
    "https://unyt.land/x/wasmbuild@0.14.1/loader.ts": "d98d195a715f823151cbc8baa3f32127337628379a02d9eb2a3c5902dbccfc02"
  }
}
